// !$*UTF8*$!
{
	archiveVersion = 1;
	classes = {
	};
	objectVersion = 56;
	objects = {

/* Begin PBXBuildFile section */
		604D5FC229F2774F008DB8E5 /* MenuMonyaApp.swift in Sources */ = {isa = PBXBuildFile; fileRef = 604D5FC129F2774F008DB8E5 /* MenuMonyaApp.swift */; };
		604D5FC629F27750008DB8E5 /* Assets.xcassets in Resources */ = {isa = PBXBuildFile; fileRef = 604D5FC529F27750008DB8E5 /* Assets.xcassets */; };
		604D5FC929F27750008DB8E5 /* Preview Assets.xcassets in Resources */ = {isa = PBXBuildFile; fileRef = 604D5FC829F27750008DB8E5 /* Preview Assets.xcassets */; };
		604D5FD329F27750008DB8E5 /* MenuMonyaTests.swift in Sources */ = {isa = PBXBuildFile; fileRef = 604D5FD229F27750008DB8E5 /* MenuMonyaTests.swift */; };
		604D5FDD29F27750008DB8E5 /* MenuMonyaUITests.swift in Sources */ = {isa = PBXBuildFile; fileRef = 604D5FDC29F27750008DB8E5 /* MenuMonyaUITests.swift */; };
		604D5FDF29F27750008DB8E5 /* MenuMonyaUITestsLaunchTests.swift in Sources */ = {isa = PBXBuildFile; fileRef = 604D5FDE29F27750008DB8E5 /* MenuMonyaUITestsLaunchTests.swift */; };
		604D5FEC29F27769008DB8E5 /* MainView.swift in Sources */ = {isa = PBXBuildFile; fileRef = 604D5FEB29F27769008DB8E5 /* MainView.swift */; };
		604D5FFC29F27D20008DB8E5 /* Pretendard-Medium.ttf in Resources */ = {isa = PBXBuildFile; fileRef = 604D5FF329F27D1F008DB8E5 /* Pretendard-Medium.ttf */; };
		604D5FFD29F27D20008DB8E5 /* Pretendard-Medium.ttf in Resources */ = {isa = PBXBuildFile; fileRef = 604D5FF329F27D1F008DB8E5 /* Pretendard-Medium.ttf */; };
		604D5FFE29F27D20008DB8E5 /* Pretendard-Medium.ttf in Resources */ = {isa = PBXBuildFile; fileRef = 604D5FF329F27D1F008DB8E5 /* Pretendard-Medium.ttf */; };
		604D5FFF29F27D20008DB8E5 /* Pretendard-Black.ttf in Resources */ = {isa = PBXBuildFile; fileRef = 604D5FF429F27D1F008DB8E5 /* Pretendard-Black.ttf */; };
		604D600029F27D20008DB8E5 /* Pretendard-Black.ttf in Resources */ = {isa = PBXBuildFile; fileRef = 604D5FF429F27D1F008DB8E5 /* Pretendard-Black.ttf */; };
		604D600129F27D20008DB8E5 /* Pretendard-Black.ttf in Resources */ = {isa = PBXBuildFile; fileRef = 604D5FF429F27D1F008DB8E5 /* Pretendard-Black.ttf */; };
		604D600229F27D20008DB8E5 /* Pretendard-Regular.ttf in Resources */ = {isa = PBXBuildFile; fileRef = 604D5FF529F27D1F008DB8E5 /* Pretendard-Regular.ttf */; };
		604D600329F27D20008DB8E5 /* Pretendard-Regular.ttf in Resources */ = {isa = PBXBuildFile; fileRef = 604D5FF529F27D1F008DB8E5 /* Pretendard-Regular.ttf */; };
		604D600429F27D20008DB8E5 /* Pretendard-Regular.ttf in Resources */ = {isa = PBXBuildFile; fileRef = 604D5FF529F27D1F008DB8E5 /* Pretendard-Regular.ttf */; };
		604D600529F27D20008DB8E5 /* Pretendard-Thin.ttf in Resources */ = {isa = PBXBuildFile; fileRef = 604D5FF629F27D1F008DB8E5 /* Pretendard-Thin.ttf */; };
		604D600629F27D20008DB8E5 /* Pretendard-Thin.ttf in Resources */ = {isa = PBXBuildFile; fileRef = 604D5FF629F27D1F008DB8E5 /* Pretendard-Thin.ttf */; };
		604D600729F27D20008DB8E5 /* Pretendard-Thin.ttf in Resources */ = {isa = PBXBuildFile; fileRef = 604D5FF629F27D1F008DB8E5 /* Pretendard-Thin.ttf */; };
		604D600829F27D20008DB8E5 /* Pretendard-ExtraLight.ttf in Resources */ = {isa = PBXBuildFile; fileRef = 604D5FF729F27D1F008DB8E5 /* Pretendard-ExtraLight.ttf */; };
		604D600929F27D20008DB8E5 /* Pretendard-ExtraLight.ttf in Resources */ = {isa = PBXBuildFile; fileRef = 604D5FF729F27D1F008DB8E5 /* Pretendard-ExtraLight.ttf */; };
		604D600A29F27D20008DB8E5 /* Pretendard-ExtraLight.ttf in Resources */ = {isa = PBXBuildFile; fileRef = 604D5FF729F27D1F008DB8E5 /* Pretendard-ExtraLight.ttf */; };
		604D600B29F27D20008DB8E5 /* Pretendard-SemiBold.ttf in Resources */ = {isa = PBXBuildFile; fileRef = 604D5FF829F27D1F008DB8E5 /* Pretendard-SemiBold.ttf */; };
		604D600C29F27D20008DB8E5 /* Pretendard-SemiBold.ttf in Resources */ = {isa = PBXBuildFile; fileRef = 604D5FF829F27D1F008DB8E5 /* Pretendard-SemiBold.ttf */; };
		604D600D29F27D20008DB8E5 /* Pretendard-SemiBold.ttf in Resources */ = {isa = PBXBuildFile; fileRef = 604D5FF829F27D1F008DB8E5 /* Pretendard-SemiBold.ttf */; };
		604D600E29F27D20008DB8E5 /* Pretendard-ExtraBold.ttf in Resources */ = {isa = PBXBuildFile; fileRef = 604D5FF929F27D1F008DB8E5 /* Pretendard-ExtraBold.ttf */; };
		604D600F29F27D20008DB8E5 /* Pretendard-ExtraBold.ttf in Resources */ = {isa = PBXBuildFile; fileRef = 604D5FF929F27D1F008DB8E5 /* Pretendard-ExtraBold.ttf */; };
		604D601029F27D20008DB8E5 /* Pretendard-ExtraBold.ttf in Resources */ = {isa = PBXBuildFile; fileRef = 604D5FF929F27D1F008DB8E5 /* Pretendard-ExtraBold.ttf */; };
		604D601129F27D20008DB8E5 /* Pretendard-Bold.ttf in Resources */ = {isa = PBXBuildFile; fileRef = 604D5FFA29F27D1F008DB8E5 /* Pretendard-Bold.ttf */; };
		604D601229F27D20008DB8E5 /* Pretendard-Bold.ttf in Resources */ = {isa = PBXBuildFile; fileRef = 604D5FFA29F27D1F008DB8E5 /* Pretendard-Bold.ttf */; };
		604D601329F27D20008DB8E5 /* Pretendard-Bold.ttf in Resources */ = {isa = PBXBuildFile; fileRef = 604D5FFA29F27D1F008DB8E5 /* Pretendard-Bold.ttf */; };
		604D601429F27D20008DB8E5 /* Pretendard-Light.ttf in Resources */ = {isa = PBXBuildFile; fileRef = 604D5FFB29F27D1F008DB8E5 /* Pretendard-Light.ttf */; };
		604D601529F27D20008DB8E5 /* Pretendard-Light.ttf in Resources */ = {isa = PBXBuildFile; fileRef = 604D5FFB29F27D1F008DB8E5 /* Pretendard-Light.ttf */; };
		604D601629F27D20008DB8E5 /* Pretendard-Light.ttf in Resources */ = {isa = PBXBuildFile; fileRef = 604D5FFB29F27D1F008DB8E5 /* Pretendard-Light.ttf */; };
		604D601829F27D2C008DB8E5 /* FontManager.swift in Sources */ = {isa = PBXBuildFile; fileRef = 604D601729F27D2C008DB8E5 /* FontManager.swift */; };
		604D601929F27D2C008DB8E5 /* FontManager.swift in Sources */ = {isa = PBXBuildFile; fileRef = 604D601729F27D2C008DB8E5 /* FontManager.swift */; };
		604D601A29F27D2C008DB8E5 /* FontManager.swift in Sources */ = {isa = PBXBuildFile; fileRef = 604D601729F27D2C008DB8E5 /* FontManager.swift */; };
/* End PBXBuildFile section */

/* Begin PBXContainerItemProxy section */
		604D5FCF29F27750008DB8E5 /* PBXContainerItemProxy */ = {
			isa = PBXContainerItemProxy;
			containerPortal = 604D5FB629F2774F008DB8E5 /* Project object */;
			proxyType = 1;
			remoteGlobalIDString = 604D5FBD29F2774F008DB8E5;
			remoteInfo = MenuMonya;
		};
		604D5FD929F27750008DB8E5 /* PBXContainerItemProxy */ = {
			isa = PBXContainerItemProxy;
			containerPortal = 604D5FB629F2774F008DB8E5 /* Project object */;
			proxyType = 1;
			remoteGlobalIDString = 604D5FBD29F2774F008DB8E5;
			remoteInfo = MenuMonya;
		};
/* End PBXContainerItemProxy section */

/* Begin PBXFileReference section */
		604D5FBE29F2774F008DB8E5 /* MenuMonya.app */ = {isa = PBXFileReference; explicitFileType = wrapper.application; includeInIndex = 0; path = MenuMonya.app; sourceTree = BUILT_PRODUCTS_DIR; };
		604D5FC129F2774F008DB8E5 /* MenuMonyaApp.swift */ = {isa = PBXFileReference; lastKnownFileType = sourcecode.swift; path = MenuMonyaApp.swift; sourceTree = "<group>"; };
		604D5FC529F27750008DB8E5 /* Assets.xcassets */ = {isa = PBXFileReference; lastKnownFileType = folder.assetcatalog; path = Assets.xcassets; sourceTree = "<group>"; };
		604D5FC829F27750008DB8E5 /* Preview Assets.xcassets */ = {isa = PBXFileReference; lastKnownFileType = folder.assetcatalog; path = "Preview Assets.xcassets"; sourceTree = "<group>"; };
		604D5FCE29F27750008DB8E5 /* MenuMonyaTests.xctest */ = {isa = PBXFileReference; explicitFileType = wrapper.cfbundle; includeInIndex = 0; path = MenuMonyaTests.xctest; sourceTree = BUILT_PRODUCTS_DIR; };
		604D5FD229F27750008DB8E5 /* MenuMonyaTests.swift */ = {isa = PBXFileReference; lastKnownFileType = sourcecode.swift; path = MenuMonyaTests.swift; sourceTree = "<group>"; };
		604D5FD829F27750008DB8E5 /* MenuMonyaUITests.xctest */ = {isa = PBXFileReference; explicitFileType = wrapper.cfbundle; includeInIndex = 0; path = MenuMonyaUITests.xctest; sourceTree = BUILT_PRODUCTS_DIR; };
		604D5FDC29F27750008DB8E5 /* MenuMonyaUITests.swift */ = {isa = PBXFileReference; lastKnownFileType = sourcecode.swift; path = MenuMonyaUITests.swift; sourceTree = "<group>"; };
		604D5FDE29F27750008DB8E5 /* MenuMonyaUITestsLaunchTests.swift */ = {isa = PBXFileReference; lastKnownFileType = sourcecode.swift; path = MenuMonyaUITestsLaunchTests.swift; sourceTree = "<group>"; };
		604D5FEB29F27769008DB8E5 /* MainView.swift */ = {isa = PBXFileReference; lastKnownFileType = sourcecode.swift; path = MainView.swift; sourceTree = "<group>"; };
		604D5FF329F27D1F008DB8E5 /* Pretendard-Medium.ttf */ = {isa = PBXFileReference; lastKnownFileType = file; path = "Pretendard-Medium.ttf"; sourceTree = "<group>"; };
		604D5FF429F27D1F008DB8E5 /* Pretendard-Black.ttf */ = {isa = PBXFileReference; lastKnownFileType = file; path = "Pretendard-Black.ttf"; sourceTree = "<group>"; };
		604D5FF529F27D1F008DB8E5 /* Pretendard-Regular.ttf */ = {isa = PBXFileReference; lastKnownFileType = file; path = "Pretendard-Regular.ttf"; sourceTree = "<group>"; };
		604D5FF629F27D1F008DB8E5 /* Pretendard-Thin.ttf */ = {isa = PBXFileReference; lastKnownFileType = file; path = "Pretendard-Thin.ttf"; sourceTree = "<group>"; };
		604D5FF729F27D1F008DB8E5 /* Pretendard-ExtraLight.ttf */ = {isa = PBXFileReference; lastKnownFileType = file; path = "Pretendard-ExtraLight.ttf"; sourceTree = "<group>"; };
		604D5FF829F27D1F008DB8E5 /* Pretendard-SemiBold.ttf */ = {isa = PBXFileReference; lastKnownFileType = file; path = "Pretendard-SemiBold.ttf"; sourceTree = "<group>"; };
		604D5FF929F27D1F008DB8E5 /* Pretendard-ExtraBold.ttf */ = {isa = PBXFileReference; lastKnownFileType = file; path = "Pretendard-ExtraBold.ttf"; sourceTree = "<group>"; };
		604D5FFA29F27D1F008DB8E5 /* Pretendard-Bold.ttf */ = {isa = PBXFileReference; lastKnownFileType = file; path = "Pretendard-Bold.ttf"; sourceTree = "<group>"; };
		604D5FFB29F27D1F008DB8E5 /* Pretendard-Light.ttf */ = {isa = PBXFileReference; lastKnownFileType = file; path = "Pretendard-Light.ttf"; sourceTree = "<group>"; };
		604D601729F27D2C008DB8E5 /* FontManager.swift */ = {isa = PBXFileReference; fileEncoding = 4; lastKnownFileType = sourcecode.swift; path = FontManager.swift; sourceTree = "<group>"; };
		604D601B29F27D5A008DB8E5 /* Info.plist */ = {isa = PBXFileReference; lastKnownFileType = text.plist; path = Info.plist; sourceTree = "<group>"; };
/* End PBXFileReference section */

/* Begin PBXFrameworksBuildPhase section */
		604D5FBB29F2774F008DB8E5 /* Frameworks */ = {
			isa = PBXFrameworksBuildPhase;
			buildActionMask = 2147483647;
			files = (
			);
			runOnlyForDeploymentPostprocessing = 0;
		};
		604D5FCB29F27750008DB8E5 /* Frameworks */ = {
			isa = PBXFrameworksBuildPhase;
			buildActionMask = 2147483647;
			files = (
			);
			runOnlyForDeploymentPostprocessing = 0;
		};
		604D5FD529F27750008DB8E5 /* Frameworks */ = {
			isa = PBXFrameworksBuildPhase;
			buildActionMask = 2147483647;
			files = (
			);
			runOnlyForDeploymentPostprocessing = 0;
		};
/* End PBXFrameworksBuildPhase section */

/* Begin PBXGroup section */
		604D5FB529F2774F008DB8E5 = {
			isa = PBXGroup;
			children = (
				604D5FC029F2774F008DB8E5 /* MenuMonya */,
				604D5FD129F27750008DB8E5 /* MenuMonyaTests */,
				604D5FDB29F27750008DB8E5 /* MenuMonyaUITests */,
				604D5FBF29F2774F008DB8E5 /* Products */,
			);
			sourceTree = "<group>";
		};
		604D5FBF29F2774F008DB8E5 /* Products */ = {
			isa = PBXGroup;
			children = (
				604D5FBE29F2774F008DB8E5 /* MenuMonya.app */,
				604D5FCE29F27750008DB8E5 /* MenuMonyaTests.xctest */,
				604D5FD829F27750008DB8E5 /* MenuMonyaUITests.xctest */,
			);
			name = Products;
			sourceTree = "<group>";
		};
		604D5FC029F2774F008DB8E5 /* MenuMonya */ = {
			isa = PBXGroup;
			children = (
				604D601B29F27D5A008DB8E5 /* Info.plist */,
				604D5FEF29F2779D008DB8E5 /* App */,
				604D5FEE29F27786008DB8E5 /* Resources */,
				604D5FED29F2777B008DB8E5 /* Views */,
				604D5FC729F27750008DB8E5 /* Preview Content */,
			);
			path = MenuMonya;
			sourceTree = "<group>";
		};
		604D5FC729F27750008DB8E5 /* Preview Content */ = {
			isa = PBXGroup;
			children = (
				604D5FC829F27750008DB8E5 /* Preview Assets.xcassets */,
			);
			path = "Preview Content";
			sourceTree = "<group>";
		};
		604D5FD129F27750008DB8E5 /* MenuMonyaTests */ = {
			isa = PBXGroup;
			children = (
				604D5FD229F27750008DB8E5 /* MenuMonyaTests.swift */,
			);
			path = MenuMonyaTests;
			sourceTree = "<group>";
		};
		604D5FDB29F27750008DB8E5 /* MenuMonyaUITests */ = {
			isa = PBXGroup;
			children = (
				604D5FDC29F27750008DB8E5 /* MenuMonyaUITests.swift */,
				604D5FDE29F27750008DB8E5 /* MenuMonyaUITestsLaunchTests.swift */,
			);
			path = MenuMonyaUITests;
			sourceTree = "<group>";
		};
		604D5FED29F2777B008DB8E5 /* Views */ = {
			isa = PBXGroup;
			children = (
				604D5FF029F277A8008DB8E5 /* MainView */,
			);
			path = Views;
			sourceTree = "<group>";
		};
		604D5FEE29F27786008DB8E5 /* Resources */ = {
			isa = PBXGroup;
			children = (
				604D601D29F27EF3008DB8E5 /* Assets */,
				604D601C29F27EE4008DB8E5 /* Fonts */,
			);
			path = Resources;
			sourceTree = "<group>";
		};
		604D5FEF29F2779D008DB8E5 /* App */ = {
			isa = PBXGroup;
			children = (
				604D5FC129F2774F008DB8E5 /* MenuMonyaApp.swift */,
			);
			path = App;
			sourceTree = "<group>";
		};
		604D5FF029F277A8008DB8E5 /* MainView */ = {
			isa = PBXGroup;
			children = (
				604D5FEB29F27769008DB8E5 /* MainView.swift */,
			);
			path = MainView;
			sourceTree = "<group>";
		};
		604D5FF229F27D1F008DB8E5 /* Pretendard */ = {
			isa = PBXGroup;
			children = (
				604D5FF329F27D1F008DB8E5 /* Pretendard-Medium.ttf */,
				604D5FF429F27D1F008DB8E5 /* Pretendard-Black.ttf */,
				604D5FF529F27D1F008DB8E5 /* Pretendard-Regular.ttf */,
				604D5FF629F27D1F008DB8E5 /* Pretendard-Thin.ttf */,
				604D5FF729F27D1F008DB8E5 /* Pretendard-ExtraLight.ttf */,
				604D5FF829F27D1F008DB8E5 /* Pretendard-SemiBold.ttf */,
				604D5FF929F27D1F008DB8E5 /* Pretendard-ExtraBold.ttf */,
				604D5FFA29F27D1F008DB8E5 /* Pretendard-Bold.ttf */,
				604D5FFB29F27D1F008DB8E5 /* Pretendard-Light.ttf */,
			);
			path = Pretendard;
			sourceTree = "<group>";
		};
		604D601C29F27EE4008DB8E5 /* Fonts */ = {
			isa = PBXGroup;
			children = (
				604D601729F27D2C008DB8E5 /* FontManager.swift */,
				604D5FF229F27D1F008DB8E5 /* Pretendard */,
			);
			path = Fonts;
			sourceTree = "<group>";
		};
		604D601D29F27EF3008DB8E5 /* Assets */ = {
			isa = PBXGroup;
			children = (
				604D5FC529F27750008DB8E5 /* Assets.xcassets */,
			);
			path = Assets;
			sourceTree = "<group>";
		};
/* End PBXGroup section */

/* Begin PBXNativeTarget section */
		604D5FBD29F2774F008DB8E5 /* MenuMonya */ = {
			isa = PBXNativeTarget;
			buildConfigurationList = 604D5FE229F27750008DB8E5 /* Build configuration list for PBXNativeTarget "MenuMonya" */;
			buildPhases = (
				604D5FBA29F2774F008DB8E5 /* Sources */,
				604D5FBB29F2774F008DB8E5 /* Frameworks */,
				604D5FBC29F2774F008DB8E5 /* Resources */,
			);
			buildRules = (
			);
			dependencies = (
			);
			name = MenuMonya;
			productName = MenuMonya;
			productReference = 604D5FBE29F2774F008DB8E5 /* MenuMonya.app */;
			productType = "com.apple.product-type.application";
		};
		604D5FCD29F27750008DB8E5 /* MenuMonyaTests */ = {
			isa = PBXNativeTarget;
			buildConfigurationList = 604D5FE529F27750008DB8E5 /* Build configuration list for PBXNativeTarget "MenuMonyaTests" */;
			buildPhases = (
				604D5FCA29F27750008DB8E5 /* Sources */,
				604D5FCB29F27750008DB8E5 /* Frameworks */,
				604D5FCC29F27750008DB8E5 /* Resources */,
			);
			buildRules = (
			);
			dependencies = (
				604D5FD029F27750008DB8E5 /* PBXTargetDependency */,
			);
			name = MenuMonyaTests;
			productName = MenuMonyaTests;
			productReference = 604D5FCE29F27750008DB8E5 /* MenuMonyaTests.xctest */;
			productType = "com.apple.product-type.bundle.unit-test";
		};
		604D5FD729F27750008DB8E5 /* MenuMonyaUITests */ = {
			isa = PBXNativeTarget;
			buildConfigurationList = 604D5FE829F27750008DB8E5 /* Build configuration list for PBXNativeTarget "MenuMonyaUITests" */;
			buildPhases = (
				604D5FD429F27750008DB8E5 /* Sources */,
				604D5FD529F27750008DB8E5 /* Frameworks */,
				604D5FD629F27750008DB8E5 /* Resources */,
			);
			buildRules = (
			);
			dependencies = (
				604D5FDA29F27750008DB8E5 /* PBXTargetDependency */,
			);
			name = MenuMonyaUITests;
			productName = MenuMonyaUITests;
			productReference = 604D5FD829F27750008DB8E5 /* MenuMonyaUITests.xctest */;
			productType = "com.apple.product-type.bundle.ui-testing";
		};
/* End PBXNativeTarget section */

/* Begin PBXProject section */
		604D5FB629F2774F008DB8E5 /* Project object */ = {
			isa = PBXProject;
			attributes = {
				BuildIndependentTargetsInParallel = 1;
				LastSwiftUpdateCheck = 1430;
				LastUpgradeCheck = 1430;
				TargetAttributes = {
					604D5FBD29F2774F008DB8E5 = {
						CreatedOnToolsVersion = 14.3;
					};
					604D5FCD29F27750008DB8E5 = {
						CreatedOnToolsVersion = 14.3;
						TestTargetID = 604D5FBD29F2774F008DB8E5;
					};
					604D5FD729F27750008DB8E5 = {
						CreatedOnToolsVersion = 14.3;
						TestTargetID = 604D5FBD29F2774F008DB8E5;
					};
				};
			};
			buildConfigurationList = 604D5FB929F2774F008DB8E5 /* Build configuration list for PBXProject "MenuMonya" */;
			compatibilityVersion = "Xcode 14.0";
			developmentRegion = en;
			hasScannedForEncodings = 0;
			knownRegions = (
				en,
				Base,
			);
			mainGroup = 604D5FB529F2774F008DB8E5;
			productRefGroup = 604D5FBF29F2774F008DB8E5 /* Products */;
			projectDirPath = "";
			projectRoot = "";
			targets = (
				604D5FBD29F2774F008DB8E5 /* MenuMonya */,
				604D5FCD29F27750008DB8E5 /* MenuMonyaTests */,
				604D5FD729F27750008DB8E5 /* MenuMonyaUITests */,
			);
		};
/* End PBXProject section */

/* Begin PBXResourcesBuildPhase section */
		604D5FBC29F2774F008DB8E5 /* Resources */ = {
			isa = PBXResourcesBuildPhase;
			buildActionMask = 2147483647;
			files = (
				604D601429F27D20008DB8E5 /* Pretendard-Light.ttf in Resources */,
				604D600E29F27D20008DB8E5 /* Pretendard-ExtraBold.ttf in Resources */,
				604D600B29F27D20008DB8E5 /* Pretendard-SemiBold.ttf in Resources */,
				604D600529F27D20008DB8E5 /* Pretendard-Thin.ttf in Resources */,
				604D5FC929F27750008DB8E5 /* Preview Assets.xcassets in Resources */,
				604D5FC629F27750008DB8E5 /* Assets.xcassets in Resources */,
				604D600229F27D20008DB8E5 /* Pretendard-Regular.ttf in Resources */,
				604D601129F27D20008DB8E5 /* Pretendard-Bold.ttf in Resources */,
				604D600829F27D20008DB8E5 /* Pretendard-ExtraLight.ttf in Resources */,
				604D5FFC29F27D20008DB8E5 /* Pretendard-Medium.ttf in Resources */,
				604D5FFF29F27D20008DB8E5 /* Pretendard-Black.ttf in Resources */,
			);
			runOnlyForDeploymentPostprocessing = 0;
		};
		604D5FCC29F27750008DB8E5 /* Resources */ = {
			isa = PBXResourcesBuildPhase;
			buildActionMask = 2147483647;
			files = (
				604D600F29F27D20008DB8E5 /* Pretendard-ExtraBold.ttf in Resources */,
				604D600C29F27D20008DB8E5 /* Pretendard-SemiBold.ttf in Resources */,
				604D600629F27D20008DB8E5 /* Pretendard-Thin.ttf in Resources */,
				604D601529F27D20008DB8E5 /* Pretendard-Light.ttf in Resources */,
				604D5FFD29F27D20008DB8E5 /* Pretendard-Medium.ttf in Resources */,
				604D600929F27D20008DB8E5 /* Pretendard-ExtraLight.ttf in Resources */,
				604D600029F27D20008DB8E5 /* Pretendard-Black.ttf in Resources */,
				604D601229F27D20008DB8E5 /* Pretendard-Bold.ttf in Resources */,
				604D600329F27D20008DB8E5 /* Pretendard-Regular.ttf in Resources */,
			);
			runOnlyForDeploymentPostprocessing = 0;
		};
		604D5FD629F27750008DB8E5 /* Resources */ = {
			isa = PBXResourcesBuildPhase;
			buildActionMask = 2147483647;
			files = (
				604D601029F27D20008DB8E5 /* Pretendard-ExtraBold.ttf in Resources */,
				604D600D29F27D20008DB8E5 /* Pretendard-SemiBold.ttf in Resources */,
				604D600729F27D20008DB8E5 /* Pretendard-Thin.ttf in Resources */,
				604D601629F27D20008DB8E5 /* Pretendard-Light.ttf in Resources */,
				604D5FFE29F27D20008DB8E5 /* Pretendard-Medium.ttf in Resources */,
				604D600A29F27D20008DB8E5 /* Pretendard-ExtraLight.ttf in Resources */,
				604D600129F27D20008DB8E5 /* Pretendard-Black.ttf in Resources */,
				604D601329F27D20008DB8E5 /* Pretendard-Bold.ttf in Resources */,
				604D600429F27D20008DB8E5 /* Pretendard-Regular.ttf in Resources */,
			);
			runOnlyForDeploymentPostprocessing = 0;
		};
/* End PBXResourcesBuildPhase section */

/* Begin PBXSourcesBuildPhase section */
		604D5FBA29F2774F008DB8E5 /* Sources */ = {
			isa = PBXSourcesBuildPhase;
			buildActionMask = 2147483647;
			files = (
				604D5FEC29F27769008DB8E5 /* MainView.swift in Sources */,
				604D601829F27D2C008DB8E5 /* FontManager.swift in Sources */,
				604D5FC229F2774F008DB8E5 /* MenuMonyaApp.swift in Sources */,
			);
			runOnlyForDeploymentPostprocessing = 0;
		};
		604D5FCA29F27750008DB8E5 /* Sources */ = {
			isa = PBXSourcesBuildPhase;
			buildActionMask = 2147483647;
			files = (
				604D601929F27D2C008DB8E5 /* FontManager.swift in Sources */,
				604D5FD329F27750008DB8E5 /* MenuMonyaTests.swift in Sources */,
			);
			runOnlyForDeploymentPostprocessing = 0;
		};
		604D5FD429F27750008DB8E5 /* Sources */ = {
			isa = PBXSourcesBuildPhase;
			buildActionMask = 2147483647;
			files = (
				604D5FDF29F27750008DB8E5 /* MenuMonyaUITestsLaunchTests.swift in Sources */,
				604D601A29F27D2C008DB8E5 /* FontManager.swift in Sources */,
				604D5FDD29F27750008DB8E5 /* MenuMonyaUITests.swift in Sources */,
			);
			runOnlyForDeploymentPostprocessing = 0;
		};
/* End PBXSourcesBuildPhase section */

/* Begin PBXTargetDependency section */
		604D5FD029F27750008DB8E5 /* PBXTargetDependency */ = {
			isa = PBXTargetDependency;
			target = 604D5FBD29F2774F008DB8E5 /* MenuMonya */;
			targetProxy = 604D5FCF29F27750008DB8E5 /* PBXContainerItemProxy */;
		};
		604D5FDA29F27750008DB8E5 /* PBXTargetDependency */ = {
			isa = PBXTargetDependency;
			target = 604D5FBD29F2774F008DB8E5 /* MenuMonya */;
			targetProxy = 604D5FD929F27750008DB8E5 /* PBXContainerItemProxy */;
		};
/* End PBXTargetDependency section */

/* Begin XCBuildConfiguration section */
		604D5FE029F27750008DB8E5 /* Debug */ = {
			isa = XCBuildConfiguration;
			buildSettings = {
				ALWAYS_SEARCH_USER_PATHS = NO;
				CLANG_ANALYZER_NONNULL = YES;
				CLANG_ANALYZER_NUMBER_OBJECT_CONVERSION = YES_AGGRESSIVE;
				CLANG_CXX_LANGUAGE_STANDARD = "gnu++20";
				CLANG_ENABLE_MODULES = YES;
				CLANG_ENABLE_OBJC_ARC = YES;
				CLANG_ENABLE_OBJC_WEAK = YES;
				CLANG_WARN_BLOCK_CAPTURE_AUTORELEASING = YES;
				CLANG_WARN_BOOL_CONVERSION = YES;
				CLANG_WARN_COMMA = YES;
				CLANG_WARN_CONSTANT_CONVERSION = YES;
				CLANG_WARN_DEPRECATED_OBJC_IMPLEMENTATIONS = YES;
				CLANG_WARN_DIRECT_OBJC_ISA_USAGE = YES_ERROR;
				CLANG_WARN_DOCUMENTATION_COMMENTS = YES;
				CLANG_WARN_EMPTY_BODY = YES;
				CLANG_WARN_ENUM_CONVERSION = YES;
				CLANG_WARN_INFINITE_RECURSION = YES;
				CLANG_WARN_INT_CONVERSION = YES;
				CLANG_WARN_NON_LITERAL_NULL_CONVERSION = YES;
				CLANG_WARN_OBJC_IMPLICIT_RETAIN_SELF = YES;
				CLANG_WARN_OBJC_LITERAL_CONVERSION = YES;
				CLANG_WARN_OBJC_ROOT_CLASS = YES_ERROR;
				CLANG_WARN_QUOTED_INCLUDE_IN_FRAMEWORK_HEADER = YES;
				CLANG_WARN_RANGE_LOOP_ANALYSIS = YES;
				CLANG_WARN_STRICT_PROTOTYPES = YES;
				CLANG_WARN_SUSPICIOUS_MOVE = YES;
				CLANG_WARN_UNGUARDED_AVAILABILITY = YES_AGGRESSIVE;
				CLANG_WARN_UNREACHABLE_CODE = YES;
				CLANG_WARN__DUPLICATE_METHOD_MATCH = YES;
				COPY_PHASE_STRIP = NO;
				DEBUG_INFORMATION_FORMAT = dwarf;
				ENABLE_STRICT_OBJC_MSGSEND = YES;
				ENABLE_TESTABILITY = YES;
				GCC_C_LANGUAGE_STANDARD = gnu11;
				GCC_DYNAMIC_NO_PIC = NO;
				GCC_NO_COMMON_BLOCKS = YES;
				GCC_OPTIMIZATION_LEVEL = 0;
				GCC_PREPROCESSOR_DEFINITIONS = (
					"DEBUG=1",
					"$(inherited)",
				);
				GCC_WARN_64_TO_32_BIT_CONVERSION = YES;
				GCC_WARN_ABOUT_RETURN_TYPE = YES_ERROR;
				GCC_WARN_UNDECLARED_SELECTOR = YES;
				GCC_WARN_UNINITIALIZED_AUTOS = YES_AGGRESSIVE;
				GCC_WARN_UNUSED_FUNCTION = YES;
				GCC_WARN_UNUSED_VARIABLE = YES;
				IPHONEOS_DEPLOYMENT_TARGET = 16.4;
				MTL_ENABLE_DEBUG_INFO = INCLUDE_SOURCE;
				MTL_FAST_MATH = YES;
				ONLY_ACTIVE_ARCH = YES;
				SDKROOT = iphoneos;
				SWIFT_ACTIVE_COMPILATION_CONDITIONS = DEBUG;
				SWIFT_OPTIMIZATION_LEVEL = "-Onone";
			};
			name = Debug;
		};
		604D5FE129F27750008DB8E5 /* Release */ = {
			isa = XCBuildConfiguration;
			buildSettings = {
				ALWAYS_SEARCH_USER_PATHS = NO;
				CLANG_ANALYZER_NONNULL = YES;
				CLANG_ANALYZER_NUMBER_OBJECT_CONVERSION = YES_AGGRESSIVE;
				CLANG_CXX_LANGUAGE_STANDARD = "gnu++20";
				CLANG_ENABLE_MODULES = YES;
				CLANG_ENABLE_OBJC_ARC = YES;
				CLANG_ENABLE_OBJC_WEAK = YES;
				CLANG_WARN_BLOCK_CAPTURE_AUTORELEASING = YES;
				CLANG_WARN_BOOL_CONVERSION = YES;
				CLANG_WARN_COMMA = YES;
				CLANG_WARN_CONSTANT_CONVERSION = YES;
				CLANG_WARN_DEPRECATED_OBJC_IMPLEMENTATIONS = YES;
				CLANG_WARN_DIRECT_OBJC_ISA_USAGE = YES_ERROR;
				CLANG_WARN_DOCUMENTATION_COMMENTS = YES;
				CLANG_WARN_EMPTY_BODY = YES;
				CLANG_WARN_ENUM_CONVERSION = YES;
				CLANG_WARN_INFINITE_RECURSION = YES;
				CLANG_WARN_INT_CONVERSION = YES;
				CLANG_WARN_NON_LITERAL_NULL_CONVERSION = YES;
				CLANG_WARN_OBJC_IMPLICIT_RETAIN_SELF = YES;
				CLANG_WARN_OBJC_LITERAL_CONVERSION = YES;
				CLANG_WARN_OBJC_ROOT_CLASS = YES_ERROR;
				CLANG_WARN_QUOTED_INCLUDE_IN_FRAMEWORK_HEADER = YES;
				CLANG_WARN_RANGE_LOOP_ANALYSIS = YES;
				CLANG_WARN_STRICT_PROTOTYPES = YES;
				CLANG_WARN_SUSPICIOUS_MOVE = YES;
				CLANG_WARN_UNGUARDED_AVAILABILITY = YES_AGGRESSIVE;
				CLANG_WARN_UNREACHABLE_CODE = YES;
				CLANG_WARN__DUPLICATE_METHOD_MATCH = YES;
				COPY_PHASE_STRIP = NO;
				DEBUG_INFORMATION_FORMAT = "dwarf-with-dsym";
				ENABLE_NS_ASSERTIONS = NO;
				ENABLE_STRICT_OBJC_MSGSEND = YES;
				GCC_C_LANGUAGE_STANDARD = gnu11;
				GCC_NO_COMMON_BLOCKS = YES;
				GCC_WARN_64_TO_32_BIT_CONVERSION = YES;
				GCC_WARN_ABOUT_RETURN_TYPE = YES_ERROR;
				GCC_WARN_UNDECLARED_SELECTOR = YES;
				GCC_WARN_UNINITIALIZED_AUTOS = YES_AGGRESSIVE;
				GCC_WARN_UNUSED_FUNCTION = YES;
				GCC_WARN_UNUSED_VARIABLE = YES;
				IPHONEOS_DEPLOYMENT_TARGET = 16.4;
				MTL_ENABLE_DEBUG_INFO = NO;
				MTL_FAST_MATH = YES;
				SDKROOT = iphoneos;
				SWIFT_COMPILATION_MODE = wholemodule;
				SWIFT_OPTIMIZATION_LEVEL = "-O";
				VALIDATE_PRODUCT = YES;
			};
			name = Release;
		};
		604D5FE329F27750008DB8E5 /* Debug */ = {
			isa = XCBuildConfiguration;
			buildSettings = {
				ASSETCATALOG_COMPILER_APPICON_NAME = AppIcon;
				ASSETCATALOG_COMPILER_GLOBAL_ACCENT_COLOR_NAME = AccentColor;
				CODE_SIGN_STYLE = Automatic;
				CURRENT_PROJECT_VERSION = 1;
				DEVELOPMENT_ASSET_PATHS = "\"MenuMonya/Preview Content\"";
				DEVELOPMENT_TEAM = MV89SHQKF4;
				ENABLE_PREVIEWS = YES;
				GENERATE_INFOPLIST_FILE = YES;
				INFOPLIST_FILE = MenuMonya/Info.plist;
				INFOPLIST_KEY_CFBundleDisplayName = "메뉴모냐";
				INFOPLIST_KEY_LSApplicationCategoryType = "public.app-category.food-and-drink";
				INFOPLIST_KEY_UIApplicationSceneManifest_Generation = YES;
				INFOPLIST_KEY_UIApplicationSupportsIndirectInputEvents = YES;
				INFOPLIST_KEY_UILaunchScreen_Generation = YES;
				INFOPLIST_KEY_UISupportedInterfaceOrientations = UIInterfaceOrientationPortrait;
				INFOPLIST_KEY_UISupportedInterfaceOrientations_iPad = "UIInterfaceOrientationLandscapeLeft UIInterfaceOrientationLandscapeRight UIInterfaceOrientationPortrait UIInterfaceOrientationPortraitUpsideDown";
				IPHONEOS_DEPLOYMENT_TARGET = 16.0;
				LD_RUNPATH_SEARCH_PATHS = (
					"$(inherited)",
					"@executable_path/Frameworks",
				);
				MARKETING_VERSION = 1.0;
				PRODUCT_BUNDLE_IDENTIFIER = com.ericyong.menumonya;
				PRODUCT_NAME = "$(TARGET_NAME)";
				SUPPORTED_PLATFORMS = "iphoneos iphonesimulator";
				SUPPORTS_MACCATALYST = NO;
				SUPPORTS_MAC_DESIGNED_FOR_IPHONE_IPAD = NO;
				SWIFT_EMIT_LOC_STRINGS = YES;
				SWIFT_VERSION = 5.0;
				TARGETED_DEVICE_FAMILY = 1;
			};
			name = Debug;
		};
		604D5FE429F27750008DB8E5 /* Release */ = {
			isa = XCBuildConfiguration;
			buildSettings = {
				ASSETCATALOG_COMPILER_APPICON_NAME = AppIcon;
				ASSETCATALOG_COMPILER_GLOBAL_ACCENT_COLOR_NAME = AccentColor;
				CODE_SIGN_STYLE = Automatic;
				CURRENT_PROJECT_VERSION = 1;
				DEVELOPMENT_ASSET_PATHS = "\"MenuMonya/Preview Content\"";
				DEVELOPMENT_TEAM = MV89SHQKF4;
				ENABLE_PREVIEWS = YES;
				GENERATE_INFOPLIST_FILE = YES;
				INFOPLIST_FILE = MenuMonya/Info.plist;
				INFOPLIST_KEY_CFBundleDisplayName = "메뉴모냐";
				INFOPLIST_KEY_LSApplicationCategoryType = "public.app-category.food-and-drink";
				INFOPLIST_KEY_UIApplicationSceneManifest_Generation = YES;
				INFOPLIST_KEY_UIApplicationSupportsIndirectInputEvents = YES;
				INFOPLIST_KEY_UILaunchScreen_Generation = YES;
				INFOPLIST_KEY_UISupportedInterfaceOrientations = UIInterfaceOrientationPortrait;
				INFOPLIST_KEY_UISupportedInterfaceOrientations_iPad = "UIInterfaceOrientationLandscapeLeft UIInterfaceOrientationLandscapeRight UIInterfaceOrientationPortrait UIInterfaceOrientationPortraitUpsideDown";
				IPHONEOS_DEPLOYMENT_TARGET = 16.0;
				LD_RUNPATH_SEARCH_PATHS = (
					"$(inherited)",
					"@executable_path/Frameworks",
				);
				MARKETING_VERSION = 1.0;
				PRODUCT_BUNDLE_IDENTIFIER = com.ericyong.menumonya;
				PRODUCT_NAME = "$(TARGET_NAME)";
				SUPPORTED_PLATFORMS = "iphoneos iphonesimulator";
				SUPPORTS_MACCATALYST = NO;
				SUPPORTS_MAC_DESIGNED_FOR_IPHONE_IPAD = NO;
				SWIFT_EMIT_LOC_STRINGS = YES;
				SWIFT_VERSION = 5.0;
				TARGETED_DEVICE_FAMILY = 1;
			};
			name = Release;
		};
		604D5FE629F27750008DB8E5 /* Debug */ = {
			isa = XCBuildConfiguration;
			buildSettings = {
				ALWAYS_EMBED_SWIFT_STANDARD_LIBRARIES = YES;
				BUNDLE_LOADER = "$(TEST_HOST)";
				CODE_SIGN_STYLE = Automatic;
				CURRENT_PROJECT_VERSION = 1;
				DEVELOPMENT_TEAM = MV89SHQKF4;
				GENERATE_INFOPLIST_FILE = YES;
				IPHONEOS_DEPLOYMENT_TARGET = 16.4;
				MARKETING_VERSION = 1.0;
				PRODUCT_BUNDLE_IDENTIFIER = com.ericyong.MenuMonyaTests;
				PRODUCT_NAME = "$(TARGET_NAME)";
				SWIFT_EMIT_LOC_STRINGS = NO;
				SWIFT_VERSION = 5.0;
				TARGETED_DEVICE_FAMILY = "1,2";
				TEST_HOST = "$(BUILT_PRODUCTS_DIR)/MenuMonya.app/$(BUNDLE_EXECUTABLE_FOLDER_PATH)/MenuMonya";
			};
			name = Debug;
		};
		604D5FE729F27750008DB8E5 /* Release */ = {
			isa = XCBuildConfiguration;
			buildSettings = {
				ALWAYS_EMBED_SWIFT_STANDARD_LIBRARIES = YES;
				BUNDLE_LOADER = "$(TEST_HOST)";
				CODE_SIGN_STYLE = Automatic;
				CURRENT_PROJECT_VERSION = 1;
				DEVELOPMENT_TEAM = MV89SHQKF4;
				GENERATE_INFOPLIST_FILE = YES;
				IPHONEOS_DEPLOYMENT_TARGET = 16.4;
				MARKETING_VERSION = 1.0;
				PRODUCT_BUNDLE_IDENTIFIER = com.ericyong.MenuMonyaTests;
				PRODUCT_NAME = "$(TARGET_NAME)";
				SWIFT_EMIT_LOC_STRINGS = NO;
				SWIFT_VERSION = 5.0;
				TARGETED_DEVICE_FAMILY = "1,2";
				TEST_HOST = "$(BUILT_PRODUCTS_DIR)/MenuMonya.app/$(BUNDLE_EXECUTABLE_FOLDER_PATH)/MenuMonya";
			};
			name = Release;
		};
		604D5FE929F27750008DB8E5 /* Debug */ = {
			isa = XCBuildConfiguration;
			buildSettings = {
				ALWAYS_EMBED_SWIFT_STANDARD_LIBRARIES = YES;
				CODE_SIGN_STYLE = Automatic;
				CURRENT_PROJECT_VERSION = 1;
				DEVELOPMENT_TEAM = MV89SHQKF4;
				GENERATE_INFOPLIST_FILE = YES;
				MARKETING_VERSION = 1.0;
				PRODUCT_BUNDLE_IDENTIFIER = com.ericyong.MenuMonyaUITests;
				PRODUCT_NAME = "$(TARGET_NAME)";
				SWIFT_EMIT_LOC_STRINGS = NO;
				SWIFT_VERSION = 5.0;
				TARGETED_DEVICE_FAMILY = "1,2";
				TEST_TARGET_NAME = MenuMonya;
			};
			name = Debug;
		};
		604D5FEA29F27750008DB8E5 /* Release */ = {
			isa = XCBuildConfiguration;
			buildSettings = {
				ALWAYS_EMBED_SWIFT_STANDARD_LIBRARIES = YES;
				CODE_SIGN_STYLE = Automatic;
				CURRENT_PROJECT_VERSION = 1;
				DEVELOPMENT_TEAM = MV89SHQKF4;
				GENERATE_INFOPLIST_FILE = YES;
				MARKETING_VERSION = 1.0;
				PRODUCT_BUNDLE_IDENTIFIER = com.ericyong.MenuMonyaUITests;
				PRODUCT_NAME = "$(TARGET_NAME)";
				SWIFT_EMIT_LOC_STRINGS = NO;
				SWIFT_VERSION = 5.0;
				TARGETED_DEVICE_FAMILY = "1,2";
				TEST_TARGET_NAME = MenuMonya;
			};
			name = Release;
		};
/* End XCBuildConfiguration section */

/* Begin XCConfigurationList section */
		604D5FB929F2774F008DB8E5 /* Build configuration list for PBXProject "MenuMonya" */ = {
			isa = XCConfigurationList;
			buildConfigurations = (
				604D5FE029F27750008DB8E5 /* Debug */,
				604D5FE129F27750008DB8E5 /* Release */,
			);
			defaultConfigurationIsVisible = 0;
			defaultConfigurationName = Release;
		};
		604D5FE229F27750008DB8E5 /* Build configuration list for PBXNativeTarget "MenuMonya" */ = {
			isa = XCConfigurationList;
			buildConfigurations = (
				604D5FE329F27750008DB8E5 /* Debug */,
				604D5FE429F27750008DB8E5 /* Release */,
			);
			defaultConfigurationIsVisible = 0;
			defaultConfigurationName = Release;
		};
		604D5FE529F27750008DB8E5 /* Build configuration list for PBXNativeTarget "MenuMonyaTests" */ = {
			isa = XCConfigurationList;
			buildConfigurations = (
				604D5FE629F27750008DB8E5 /* Debug */,
				604D5FE729F27750008DB8E5 /* Release */,
			);
			defaultConfigurationIsVisible = 0;
			defaultConfigurationName = Release;
		};
		604D5FE829F27750008DB8E5 /* Build configuration list for PBXNativeTarget "MenuMonyaUITests" */ = {
			isa = XCConfigurationList;
			buildConfigurations = (
				604D5FE929F27750008DB8E5 /* Debug */,
				604D5FEA29F27750008DB8E5 /* Release */,
			);
			defaultConfigurationIsVisible = 0;
			defaultConfigurationName = Release;
		};
/* End XCConfigurationList section */
	};
	rootObject = 604D5FB629F2774F008DB8E5 /* Project object */;
}
