// !$*UTF8*$!
{
	archiveVersion = 1;
	classes = {
	};
	objectVersion = 56;
	objects = {

/* Begin PBXBuildFile section */
		3B95F29C4803E79F3DFDBE4E /* (null) in Frameworks */ = {isa = PBXBuildFile; };
		60067EC829F3835A0037DACE /* Menu.swift in Sources */ = {isa = PBXBuildFile; fileRef = 60067EC729F3835A0037DACE /* Menu.swift */; };
		6028F7AC29F7778000745F4A /* Constants.swift in Sources */ = {isa = PBXBuildFile; fileRef = 6028F7AB29F7778000745F4A /* Constants.swift */; };
		60389AEB29F2C49B00877215 /* GoogleService-Info.plist in Resources */ = {isa = PBXBuildFile; fileRef = 60389AEA29F2C49B00877215 /* GoogleService-Info.plist */; };
		60389AEC29F2C49B00877215 /* GoogleService-Info.plist in Resources */ = {isa = PBXBuildFile; fileRef = 60389AEA29F2C49B00877215 /* GoogleService-Info.plist */; };
		60389AED29F2C49B00877215 /* GoogleService-Info.plist in Resources */ = {isa = PBXBuildFile; fileRef = 60389AEA29F2C49B00877215 /* GoogleService-Info.plist */; };
		60389AF429F2F2EA00877215 /* FirestoreManager.swift in Sources */ = {isa = PBXBuildFile; fileRef = 60389AF329F2F2EA00877215 /* FirestoreManager.swift */; };
		60389AF729F303BA00877215 /* Restaurant.swift in Sources */ = {isa = PBXBuildFile; fileRef = 60389AF629F303BA00877215 /* Restaurant.swift */; };
		603BE2D32A02714A005B2018 /* LoadingImage.swift in Sources */ = {isa = PBXBuildFile; fileRef = 603BE2D22A02714A005B2018 /* LoadingImage.swift */; };
		603BE2D52A0272FE005B2018 /* Loading.json in Resources */ = {isa = PBXBuildFile; fileRef = 603BE2D42A0272FE005B2018 /* Loading.json */; };
		603BE2D82A0274ED005B2018 /* LoadingView.swift in Sources */ = {isa = PBXBuildFile; fileRef = 603BE2D72A0274ED005B2018 /* LoadingView.swift */; };
		604D5FC229F2774F008DB8E5 /* MenuMonyaApp.swift in Sources */ = {isa = PBXBuildFile; fileRef = 604D5FC129F2774F008DB8E5 /* MenuMonyaApp.swift */; };
		604D5FC629F27750008DB8E5 /* Assets.xcassets in Resources */ = {isa = PBXBuildFile; fileRef = 604D5FC529F27750008DB8E5 /* Assets.xcassets */; };
		604D5FC929F27750008DB8E5 /* Preview Assets.xcassets in Resources */ = {isa = PBXBuildFile; fileRef = 604D5FC829F27750008DB8E5 /* Preview Assets.xcassets */; };
		604D5FD329F27750008DB8E5 /* MenuMonyaTests.swift in Sources */ = {isa = PBXBuildFile; fileRef = 604D5FD229F27750008DB8E5 /* MenuMonyaTests.swift */; };
		604D5FDD29F27750008DB8E5 /* MenuMonyaUITests.swift in Sources */ = {isa = PBXBuildFile; fileRef = 604D5FDC29F27750008DB8E5 /* MenuMonyaUITests.swift */; };
		604D5FDF29F27750008DB8E5 /* MenuMonyaUITestsLaunchTests.swift in Sources */ = {isa = PBXBuildFile; fileRef = 604D5FDE29F27750008DB8E5 /* MenuMonyaUITestsLaunchTests.swift */; };
		604D5FEC29F27769008DB8E5 /* MainView.swift in Sources */ = {isa = PBXBuildFile; fileRef = 604D5FEB29F27769008DB8E5 /* MainView.swift */; };
		604D5FFC29F27D20008DB8E5 /* Pretendard-Medium.ttf in Resources */ = {isa = PBXBuildFile; fileRef = 604D5FF329F27D1F008DB8E5 /* Pretendard-Medium.ttf */; };
		604D5FFD29F27D20008DB8E5 /* Pretendard-Medium.ttf in Resources */ = {isa = PBXBuildFile; fileRef = 604D5FF329F27D1F008DB8E5 /* Pretendard-Medium.ttf */; };
		604D5FFE29F27D20008DB8E5 /* Pretendard-Medium.ttf in Resources */ = {isa = PBXBuildFile; fileRef = 604D5FF329F27D1F008DB8E5 /* Pretendard-Medium.ttf */; };
		604D5FFF29F27D20008DB8E5 /* Pretendard-Black.ttf in Resources */ = {isa = PBXBuildFile; fileRef = 604D5FF429F27D1F008DB8E5 /* Pretendard-Black.ttf */; };
		604D600029F27D20008DB8E5 /* Pretendard-Black.ttf in Resources */ = {isa = PBXBuildFile; fileRef = 604D5FF429F27D1F008DB8E5 /* Pretendard-Black.ttf */; };
		604D600129F27D20008DB8E5 /* Pretendard-Black.ttf in Resources */ = {isa = PBXBuildFile; fileRef = 604D5FF429F27D1F008DB8E5 /* Pretendard-Black.ttf */; };
		604D600229F27D20008DB8E5 /* Pretendard-Regular.ttf in Resources */ = {isa = PBXBuildFile; fileRef = 604D5FF529F27D1F008DB8E5 /* Pretendard-Regular.ttf */; };
		604D600329F27D20008DB8E5 /* Pretendard-Regular.ttf in Resources */ = {isa = PBXBuildFile; fileRef = 604D5FF529F27D1F008DB8E5 /* Pretendard-Regular.ttf */; };
		604D600429F27D20008DB8E5 /* Pretendard-Regular.ttf in Resources */ = {isa = PBXBuildFile; fileRef = 604D5FF529F27D1F008DB8E5 /* Pretendard-Regular.ttf */; };
		604D600529F27D20008DB8E5 /* Pretendard-Thin.ttf in Resources */ = {isa = PBXBuildFile; fileRef = 604D5FF629F27D1F008DB8E5 /* Pretendard-Thin.ttf */; };
		604D600629F27D20008DB8E5 /* Pretendard-Thin.ttf in Resources */ = {isa = PBXBuildFile; fileRef = 604D5FF629F27D1F008DB8E5 /* Pretendard-Thin.ttf */; };
		604D600729F27D20008DB8E5 /* Pretendard-Thin.ttf in Resources */ = {isa = PBXBuildFile; fileRef = 604D5FF629F27D1F008DB8E5 /* Pretendard-Thin.ttf */; };
		604D600829F27D20008DB8E5 /* Pretendard-ExtraLight.ttf in Resources */ = {isa = PBXBuildFile; fileRef = 604D5FF729F27D1F008DB8E5 /* Pretendard-ExtraLight.ttf */; };
		604D600929F27D20008DB8E5 /* Pretendard-ExtraLight.ttf in Resources */ = {isa = PBXBuildFile; fileRef = 604D5FF729F27D1F008DB8E5 /* Pretendard-ExtraLight.ttf */; };
		604D600A29F27D20008DB8E5 /* Pretendard-ExtraLight.ttf in Resources */ = {isa = PBXBuildFile; fileRef = 604D5FF729F27D1F008DB8E5 /* Pretendard-ExtraLight.ttf */; };
		604D600B29F27D20008DB8E5 /* Pretendard-SemiBold.ttf in Resources */ = {isa = PBXBuildFile; fileRef = 604D5FF829F27D1F008DB8E5 /* Pretendard-SemiBold.ttf */; };
		604D600C29F27D20008DB8E5 /* Pretendard-SemiBold.ttf in Resources */ = {isa = PBXBuildFile; fileRef = 604D5FF829F27D1F008DB8E5 /* Pretendard-SemiBold.ttf */; };
		604D600D29F27D20008DB8E5 /* Pretendard-SemiBold.ttf in Resources */ = {isa = PBXBuildFile; fileRef = 604D5FF829F27D1F008DB8E5 /* Pretendard-SemiBold.ttf */; };
		604D600E29F27D20008DB8E5 /* Pretendard-ExtraBold.ttf in Resources */ = {isa = PBXBuildFile; fileRef = 604D5FF929F27D1F008DB8E5 /* Pretendard-ExtraBold.ttf */; };
		604D600F29F27D20008DB8E5 /* Pretendard-ExtraBold.ttf in Resources */ = {isa = PBXBuildFile; fileRef = 604D5FF929F27D1F008DB8E5 /* Pretendard-ExtraBold.ttf */; };
		604D601029F27D20008DB8E5 /* Pretendard-ExtraBold.ttf in Resources */ = {isa = PBXBuildFile; fileRef = 604D5FF929F27D1F008DB8E5 /* Pretendard-ExtraBold.ttf */; };
		604D601129F27D20008DB8E5 /* Pretendard-Bold.ttf in Resources */ = {isa = PBXBuildFile; fileRef = 604D5FFA29F27D1F008DB8E5 /* Pretendard-Bold.ttf */; };
		604D601229F27D20008DB8E5 /* Pretendard-Bold.ttf in Resources */ = {isa = PBXBuildFile; fileRef = 604D5FFA29F27D1F008DB8E5 /* Pretendard-Bold.ttf */; };
		604D601329F27D20008DB8E5 /* Pretendard-Bold.ttf in Resources */ = {isa = PBXBuildFile; fileRef = 604D5FFA29F27D1F008DB8E5 /* Pretendard-Bold.ttf */; };
		604D601429F27D20008DB8E5 /* Pretendard-Light.ttf in Resources */ = {isa = PBXBuildFile; fileRef = 604D5FFB29F27D1F008DB8E5 /* Pretendard-Light.ttf */; };
		604D601529F27D20008DB8E5 /* Pretendard-Light.ttf in Resources */ = {isa = PBXBuildFile; fileRef = 604D5FFB29F27D1F008DB8E5 /* Pretendard-Light.ttf */; };
		604D601629F27D20008DB8E5 /* Pretendard-Light.ttf in Resources */ = {isa = PBXBuildFile; fileRef = 604D5FFB29F27D1F008DB8E5 /* Pretendard-Light.ttf */; };
		604D601829F27D2C008DB8E5 /* FontManager.swift in Sources */ = {isa = PBXBuildFile; fileRef = 604D601729F27D2C008DB8E5 /* FontManager.swift */; };
		604D601929F27D2C008DB8E5 /* FontManager.swift in Sources */ = {isa = PBXBuildFile; fileRef = 604D601729F27D2C008DB8E5 /* FontManager.swift */; };
		604D601A29F27D2C008DB8E5 /* FontManager.swift in Sources */ = {isa = PBXBuildFile; fileRef = 604D601729F27D2C008DB8E5 /* FontManager.swift */; };
		60506F3429F797A40044531A /* LocationManager.swift in Sources */ = {isa = PBXBuildFile; fileRef = 60506F3329F797A40044531A /* LocationManager.swift */; };
		60506F3729F7A22D0044531A /* UIColor+Extensions.swift in Sources */ = {isa = PBXBuildFile; fileRef = 60506F3629F7A22D0044531A /* UIColor+Extensions.swift */; };
		6099867E29F38CFE000B8D25 /* MainViewModel.swift in Sources */ = {isa = PBXBuildFile; fileRef = 6099867D29F38CFE000B8D25 /* MainViewModel.swift */; };
		6099868129F39969000B8D25 /* CardView.swift in Sources */ = {isa = PBXBuildFile; fileRef = 6099868029F39969000B8D25 /* CardView.swift */; };
		6099868329F39D98000B8D25 /* CustomDivider.swift in Sources */ = {isa = PBXBuildFile; fileRef = 6099868229F39D98000B8D25 /* CustomDivider.swift */; };
		609DB7C229FC03D1002D2B6B /* MenuAlertCard.swift in Sources */ = {isa = PBXBuildFile; fileRef = 609DB7C129FC03D1002D2B6B /* MenuAlertCard.swift */; };
		609DB7C529FC067C002D2B6B /* MenuDetailAlert.swift in Sources */ = {isa = PBXBuildFile; fileRef = 609DB7C429FC067C002D2B6B /* MenuDetailAlert.swift */; };
		609DB7C729FC213D002D2B6B /* LocationPermissionAlert.swift in Sources */ = {isa = PBXBuildFile; fileRef = 609DB7C629FC213D002D2B6B /* LocationPermissionAlert.swift */; };
		609DB7CA29FC21D1002D2B6B /* LocationPermissionAlertCard.swift in Sources */ = {isa = PBXBuildFile; fileRef = 609DB7C929FC21D1002D2B6B /* LocationPermissionAlertCard.swift */; };
		609DB7CC29FCEBEB002D2B6B /* Card.swift in Sources */ = {isa = PBXBuildFile; fileRef = 609DB7CB29FCEBEB002D2B6B /* Card.swift */; };
		60BD117129F29C2800000FCB /* MapView.swift in Sources */ = {isa = PBXBuildFile; fileRef = 60BD117029F29C2800000FCB /* MapView.swift */; };
		60F6160629F82CE600253137 /* SnapCarouselHelper.swift in Sources */ = {isa = PBXBuildFile; fileRef = 60F6160529F82CE600253137 /* SnapCarouselHelper.swift */; };
		8B28EFC1B1A7C087BCD1F7EA /* Pods_MenuMonya_MenuMonyaUITests.framework in Frameworks */ = {isa = PBXBuildFile; fileRef = 14E58255BB0CC56288C4A3BC /* Pods_MenuMonya_MenuMonyaUITests.framework */; };
		B31E5CFD045376055D569D65 /* Pods_MenuMonya.framework in Frameworks */ = {isa = PBXBuildFile; fileRef = 45209D3D2B1A626EF21D37CA /* Pods_MenuMonya.framework */; };
		FD95CD4E29AC5D494FD170DA /* Pods_MenuMonyaTests.framework in Frameworks */ = {isa = PBXBuildFile; fileRef = 0C8A4123C0CBCC74F4A70877 /* Pods_MenuMonyaTests.framework */; };
/* End PBXBuildFile section */

/* Begin PBXContainerItemProxy section */
		604D5FCF29F27750008DB8E5 /* PBXContainerItemProxy */ = {
			isa = PBXContainerItemProxy;
			containerPortal = 604D5FB629F2774F008DB8E5 /* Project object */;
			proxyType = 1;
			remoteGlobalIDString = 604D5FBD29F2774F008DB8E5;
			remoteInfo = MenuMonya;
		};
		604D5FD929F27750008DB8E5 /* PBXContainerItemProxy */ = {
			isa = PBXContainerItemProxy;
			containerPortal = 604D5FB629F2774F008DB8E5 /* Project object */;
			proxyType = 1;
			remoteGlobalIDString = 604D5FBD29F2774F008DB8E5;
			remoteInfo = MenuMonya;
		};
/* End PBXContainerItemProxy section */

/* Begin PBXFileReference section */
		0C8A4123C0CBCC74F4A70877 /* Pods_MenuMonyaTests.framework */ = {isa = PBXFileReference; explicitFileType = wrapper.framework; includeInIndex = 0; path = Pods_MenuMonyaTests.framework; sourceTree = BUILT_PRODUCTS_DIR; };
		14E58255BB0CC56288C4A3BC /* Pods_MenuMonya_MenuMonyaUITests.framework */ = {isa = PBXFileReference; explicitFileType = wrapper.framework; includeInIndex = 0; path = Pods_MenuMonya_MenuMonyaUITests.framework; sourceTree = BUILT_PRODUCTS_DIR; };
		23F66DBB3578D5515371ADEE /* Pods-MenuMonya.release.xcconfig */ = {isa = PBXFileReference; includeInIndex = 1; lastKnownFileType = text.xcconfig; name = "Pods-MenuMonya.release.xcconfig"; path = "Target Support Files/Pods-MenuMonya/Pods-MenuMonya.release.xcconfig"; sourceTree = "<group>"; };
		43A9F7EDCE9FE98D4ED35682 /* Pods-MenuMonyaTests.debug.xcconfig */ = {isa = PBXFileReference; includeInIndex = 1; lastKnownFileType = text.xcconfig; name = "Pods-MenuMonyaTests.debug.xcconfig"; path = "Target Support Files/Pods-MenuMonyaTests/Pods-MenuMonyaTests.debug.xcconfig"; sourceTree = "<group>"; };
		45209D3D2B1A626EF21D37CA /* Pods_MenuMonya.framework */ = {isa = PBXFileReference; explicitFileType = wrapper.framework; includeInIndex = 0; path = Pods_MenuMonya.framework; sourceTree = BUILT_PRODUCTS_DIR; };
		60067EC729F3835A0037DACE /* Menu.swift */ = {isa = PBXFileReference; lastKnownFileType = sourcecode.swift; path = Menu.swift; sourceTree = "<group>"; };
		6028F7AB29F7778000745F4A /* Constants.swift */ = {isa = PBXFileReference; lastKnownFileType = sourcecode.swift; path = Constants.swift; sourceTree = "<group>"; };
		60389AEA29F2C49B00877215 /* GoogleService-Info.plist */ = {isa = PBXFileReference; fileEncoding = 4; lastKnownFileType = text.plist.xml; path = "GoogleService-Info.plist"; sourceTree = "<group>"; };
		60389AF329F2F2EA00877215 /* FirestoreManager.swift */ = {isa = PBXFileReference; lastKnownFileType = sourcecode.swift; path = FirestoreManager.swift; sourceTree = "<group>"; };
		60389AF629F303BA00877215 /* Restaurant.swift */ = {isa = PBXFileReference; lastKnownFileType = sourcecode.swift; path = Restaurant.swift; sourceTree = "<group>"; };
		603BE2D22A02714A005B2018 /* LoadingImage.swift */ = {isa = PBXFileReference; lastKnownFileType = sourcecode.swift; path = LoadingImage.swift; sourceTree = "<group>"; };
		603BE2D42A0272FE005B2018 /* Loading.json */ = {isa = PBXFileReference; fileEncoding = 4; lastKnownFileType = text.json; path = Loading.json; sourceTree = "<group>"; };
		603BE2D72A0274ED005B2018 /* LoadingView.swift */ = {isa = PBXFileReference; lastKnownFileType = sourcecode.swift; path = LoadingView.swift; sourceTree = "<group>"; };
		604D5FBE29F2774F008DB8E5 /* MenuMonya.app */ = {isa = PBXFileReference; explicitFileType = wrapper.application; includeInIndex = 0; path = MenuMonya.app; sourceTree = BUILT_PRODUCTS_DIR; };
		604D5FC129F2774F008DB8E5 /* MenuMonyaApp.swift */ = {isa = PBXFileReference; lastKnownFileType = sourcecode.swift; path = MenuMonyaApp.swift; sourceTree = "<group>"; };
		604D5FC529F27750008DB8E5 /* Assets.xcassets */ = {isa = PBXFileReference; lastKnownFileType = folder.assetcatalog; path = Assets.xcassets; sourceTree = "<group>"; };
		604D5FC829F27750008DB8E5 /* Preview Assets.xcassets */ = {isa = PBXFileReference; lastKnownFileType = folder.assetcatalog; path = "Preview Assets.xcassets"; sourceTree = "<group>"; };
		604D5FCE29F27750008DB8E5 /* MenuMonyaTests.xctest */ = {isa = PBXFileReference; explicitFileType = wrapper.cfbundle; includeInIndex = 0; path = MenuMonyaTests.xctest; sourceTree = BUILT_PRODUCTS_DIR; };
		604D5FD229F27750008DB8E5 /* MenuMonyaTests.swift */ = {isa = PBXFileReference; lastKnownFileType = sourcecode.swift; path = MenuMonyaTests.swift; sourceTree = "<group>"; };
		604D5FD829F27750008DB8E5 /* MenuMonyaUITests.xctest */ = {isa = PBXFileReference; explicitFileType = wrapper.cfbundle; includeInIndex = 0; path = MenuMonyaUITests.xctest; sourceTree = BUILT_PRODUCTS_DIR; };
		604D5FDC29F27750008DB8E5 /* MenuMonyaUITests.swift */ = {isa = PBXFileReference; lastKnownFileType = sourcecode.swift; path = MenuMonyaUITests.swift; sourceTree = "<group>"; };
		604D5FDE29F27750008DB8E5 /* MenuMonyaUITestsLaunchTests.swift */ = {isa = PBXFileReference; lastKnownFileType = sourcecode.swift; path = MenuMonyaUITestsLaunchTests.swift; sourceTree = "<group>"; };
		604D5FEB29F27769008DB8E5 /* MainView.swift */ = {isa = PBXFileReference; lastKnownFileType = sourcecode.swift; path = MainView.swift; sourceTree = "<group>"; };
		604D5FF329F27D1F008DB8E5 /* Pretendard-Medium.ttf */ = {isa = PBXFileReference; lastKnownFileType = file; path = "Pretendard-Medium.ttf"; sourceTree = "<group>"; };
		604D5FF429F27D1F008DB8E5 /* Pretendard-Black.ttf */ = {isa = PBXFileReference; lastKnownFileType = file; path = "Pretendard-Black.ttf"; sourceTree = "<group>"; };
		604D5FF529F27D1F008DB8E5 /* Pretendard-Regular.ttf */ = {isa = PBXFileReference; lastKnownFileType = file; path = "Pretendard-Regular.ttf"; sourceTree = "<group>"; };
		604D5FF629F27D1F008DB8E5 /* Pretendard-Thin.ttf */ = {isa = PBXFileReference; lastKnownFileType = file; path = "Pretendard-Thin.ttf"; sourceTree = "<group>"; };
		604D5FF729F27D1F008DB8E5 /* Pretendard-ExtraLight.ttf */ = {isa = PBXFileReference; lastKnownFileType = file; path = "Pretendard-ExtraLight.ttf"; sourceTree = "<group>"; };
		604D5FF829F27D1F008DB8E5 /* Pretendard-SemiBold.ttf */ = {isa = PBXFileReference; lastKnownFileType = file; path = "Pretendard-SemiBold.ttf"; sourceTree = "<group>"; };
		604D5FF929F27D1F008DB8E5 /* Pretendard-ExtraBold.ttf */ = {isa = PBXFileReference; lastKnownFileType = file; path = "Pretendard-ExtraBold.ttf"; sourceTree = "<group>"; };
		604D5FFA29F27D1F008DB8E5 /* Pretendard-Bold.ttf */ = {isa = PBXFileReference; lastKnownFileType = file; path = "Pretendard-Bold.ttf"; sourceTree = "<group>"; };
		604D5FFB29F27D1F008DB8E5 /* Pretendard-Light.ttf */ = {isa = PBXFileReference; lastKnownFileType = file; path = "Pretendard-Light.ttf"; sourceTree = "<group>"; };
		604D601729F27D2C008DB8E5 /* FontManager.swift */ = {isa = PBXFileReference; fileEncoding = 4; lastKnownFileType = sourcecode.swift; path = FontManager.swift; sourceTree = "<group>"; };
		604D601B29F27D5A008DB8E5 /* Info.plist */ = {isa = PBXFileReference; lastKnownFileType = text.plist.xml; path = Info.plist; sourceTree = "<group>"; };
		60506F3329F797A40044531A /* LocationManager.swift */ = {isa = PBXFileReference; lastKnownFileType = sourcecode.swift; path = LocationManager.swift; sourceTree = "<group>"; };
		60506F3629F7A22D0044531A /* UIColor+Extensions.swift */ = {isa = PBXFileReference; lastKnownFileType = sourcecode.swift; path = "UIColor+Extensions.swift"; sourceTree = "<group>"; };
		6099867D29F38CFE000B8D25 /* MainViewModel.swift */ = {isa = PBXFileReference; lastKnownFileType = sourcecode.swift; path = MainViewModel.swift; sourceTree = "<group>"; };
		6099868029F39969000B8D25 /* CardView.swift */ = {isa = PBXFileReference; lastKnownFileType = sourcecode.swift; path = CardView.swift; sourceTree = "<group>"; };
		6099868229F39D98000B8D25 /* CustomDivider.swift */ = {isa = PBXFileReference; lastKnownFileType = sourcecode.swift; path = CustomDivider.swift; sourceTree = "<group>"; };
		609DB7C129FC03D1002D2B6B /* MenuAlertCard.swift */ = {isa = PBXFileReference; lastKnownFileType = sourcecode.swift; path = MenuAlertCard.swift; sourceTree = "<group>"; };
		609DB7C429FC067C002D2B6B /* MenuDetailAlert.swift */ = {isa = PBXFileReference; lastKnownFileType = sourcecode.swift; path = MenuDetailAlert.swift; sourceTree = "<group>"; };
		609DB7C629FC213D002D2B6B /* LocationPermissionAlert.swift */ = {isa = PBXFileReference; lastKnownFileType = sourcecode.swift; path = LocationPermissionAlert.swift; sourceTree = "<group>"; };
		609DB7C929FC21D1002D2B6B /* LocationPermissionAlertCard.swift */ = {isa = PBXFileReference; lastKnownFileType = sourcecode.swift; path = LocationPermissionAlertCard.swift; sourceTree = "<group>"; };
		609DB7CB29FCEBEB002D2B6B /* Card.swift */ = {isa = PBXFileReference; lastKnownFileType = sourcecode.swift; path = Card.swift; sourceTree = "<group>"; };
		60BD117029F29C2800000FCB /* MapView.swift */ = {isa = PBXFileReference; lastKnownFileType = sourcecode.swift; path = MapView.swift; sourceTree = "<group>"; };
		60F6160529F82CE600253137 /* SnapCarouselHelper.swift */ = {isa = PBXFileReference; fileEncoding = 4; lastKnownFileType = sourcecode.swift; path = SnapCarouselHelper.swift; sourceTree = "<group>"; };
		944B89B94EAAD9B5EC0D01DC /* Pods-MenuMonya.debug.xcconfig */ = {isa = PBXFileReference; includeInIndex = 1; lastKnownFileType = text.xcconfig; name = "Pods-MenuMonya.debug.xcconfig"; path = "Target Support Files/Pods-MenuMonya/Pods-MenuMonya.debug.xcconfig"; sourceTree = "<group>"; };
		B10670EC6025257250FD1E7A /* Pods-MenuMonya-MenuMonyaUITests.debug.xcconfig */ = {isa = PBXFileReference; includeInIndex = 1; lastKnownFileType = text.xcconfig; name = "Pods-MenuMonya-MenuMonyaUITests.debug.xcconfig"; path = "Target Support Files/Pods-MenuMonya-MenuMonyaUITests/Pods-MenuMonya-MenuMonyaUITests.debug.xcconfig"; sourceTree = "<group>"; };
		D84958580EED34D7D29B395B /* Pods-MenuMonyaTests.release.xcconfig */ = {isa = PBXFileReference; includeInIndex = 1; lastKnownFileType = text.xcconfig; name = "Pods-MenuMonyaTests.release.xcconfig"; path = "Target Support Files/Pods-MenuMonyaTests/Pods-MenuMonyaTests.release.xcconfig"; sourceTree = "<group>"; };
		DAB90F5B967317E8886EA8AB /* Pods-MenuMonya-MenuMonyaUITests.release.xcconfig */ = {isa = PBXFileReference; includeInIndex = 1; lastKnownFileType = text.xcconfig; name = "Pods-MenuMonya-MenuMonyaUITests.release.xcconfig"; path = "Target Support Files/Pods-MenuMonya-MenuMonyaUITests/Pods-MenuMonya-MenuMonyaUITests.release.xcconfig"; sourceTree = "<group>"; };
/* End PBXFileReference section */

/* Begin PBXFrameworksBuildPhase section */
		604D5FBB29F2774F008DB8E5 /* Frameworks */ = {
			isa = PBXFrameworksBuildPhase;
			buildActionMask = 2147483647;
			files = (
				3B95F29C4803E79F3DFDBE4E /* (null) in Frameworks */,
				B31E5CFD045376055D569D65 /* Pods_MenuMonya.framework in Frameworks */,
			);
			runOnlyForDeploymentPostprocessing = 0;
		};
		604D5FCB29F27750008DB8E5 /* Frameworks */ = {
			isa = PBXFrameworksBuildPhase;
			buildActionMask = 2147483647;
			files = (
				FD95CD4E29AC5D494FD170DA /* Pods_MenuMonyaTests.framework in Frameworks */,
			);
			runOnlyForDeploymentPostprocessing = 0;
		};
		604D5FD529F27750008DB8E5 /* Frameworks */ = {
			isa = PBXFrameworksBuildPhase;
			buildActionMask = 2147483647;
			files = (
				8B28EFC1B1A7C087BCD1F7EA /* Pods_MenuMonya_MenuMonyaUITests.framework in Frameworks */,
			);
			runOnlyForDeploymentPostprocessing = 0;
		};
/* End PBXFrameworksBuildPhase section */

/* Begin PBXGroup section */
		6028F7A629F76E7400745F4A /* Card */ = {
			isa = PBXGroup;
			children = (
				6099868029F39969000B8D25 /* CardView.swift */,
			);
			path = Card;
			sourceTree = "<group>";
		};
		6028F7A729F76E7F00745F4A /* Divider */ = {
			isa = PBXGroup;
			children = (
				6099868229F39D98000B8D25 /* CustomDivider.swift */,
			);
			path = Divider;
			sourceTree = "<group>";
		};
		6028F7A829F76E9200745F4A /* Helpers */ = {
			isa = PBXGroup;
			children = (
				60F6160529F82CE600253137 /* SnapCarouselHelper.swift */,
				6028F7AB29F7778000745F4A /* Constants.swift */,
			);
			path = Helpers;
			sourceTree = "<group>";
		};
		60389AF229F2F26900877215 /* ViewModels */ = {
			isa = PBXGroup;
			children = (
				60389AF329F2F2EA00877215 /* FirestoreManager.swift */,
				60506F3329F797A40044531A /* LocationManager.swift */,
				6099867D29F38CFE000B8D25 /* MainViewModel.swift */,
			);
			path = ViewModels;
			sourceTree = "<group>";
		};
		60389AF529F303AE00877215 /* Models */ = {
			isa = PBXGroup;
			children = (
				609DB7CB29FCEBEB002D2B6B /* Card.swift */,
				60389AF629F303BA00877215 /* Restaurant.swift */,
				60067EC729F3835A0037DACE /* Menu.swift */,
			);
			path = Models;
			sourceTree = "<group>";
		};
		603BE2D12A027137005B2018 /* LoadingImage */ = {
			isa = PBXGroup;
			children = (
				603BE2D22A02714A005B2018 /* LoadingImage.swift */,
				603BE2D42A0272FE005B2018 /* Loading.json */,
			);
			path = LoadingImage;
			sourceTree = "<group>";
		};
		603BE2D62A0274CB005B2018 /* LoadingView */ = {
			isa = PBXGroup;
			children = (
				603BE2D72A0274ED005B2018 /* LoadingView.swift */,
			);
			path = LoadingView;
			sourceTree = "<group>";
		};
		604D5FB529F2774F008DB8E5 = {
			isa = PBXGroup;
			children = (
				604D5FC029F2774F008DB8E5 /* MenuMonya */,
				604D5FD129F27750008DB8E5 /* MenuMonyaTests */,
				604D5FDB29F27750008DB8E5 /* MenuMonyaUITests */,
				604D5FBF29F2774F008DB8E5 /* Products */,
				60BD116E29F29BA600000FCB /* Recovered References */,
				CFD70D8EA392D02541E9EBE7 /* Pods */,
				9DE4A5733318501E4BC6F45B /* Frameworks */,
			);
			sourceTree = "<group>";
		};
		604D5FBF29F2774F008DB8E5 /* Products */ = {
			isa = PBXGroup;
			children = (
				604D5FBE29F2774F008DB8E5 /* MenuMonya.app */,
				604D5FCE29F27750008DB8E5 /* MenuMonyaTests.xctest */,
				604D5FD829F27750008DB8E5 /* MenuMonyaUITests.xctest */,
			);
			name = Products;
			sourceTree = "<group>";
		};
		604D5FC029F2774F008DB8E5 /* MenuMonya */ = {
			isa = PBXGroup;
			children = (
				60389AEA29F2C49B00877215 /* GoogleService-Info.plist */,
				604D601B29F27D5A008DB8E5 /* Info.plist */,
				604D5FEF29F2779D008DB8E5 /* App */,
				604D5FEE29F27786008DB8E5 /* Resources */,
				6028F7A829F76E9200745F4A /* Helpers */,
				60389AF529F303AE00877215 /* Models */,
				60389AF229F2F26900877215 /* ViewModels */,
				604D5FED29F2777B008DB8E5 /* Views */,
				604D5FC729F27750008DB8E5 /* Preview Content */,
			);
			path = MenuMonya;
			sourceTree = "<group>";
		};
		604D5FC729F27750008DB8E5 /* Preview Content */ = {
			isa = PBXGroup;
			children = (
				604D5FC829F27750008DB8E5 /* Preview Assets.xcassets */,
			);
			path = "Preview Content";
			sourceTree = "<group>";
		};
		604D5FD129F27750008DB8E5 /* MenuMonyaTests */ = {
			isa = PBXGroup;
			children = (
				604D5FD229F27750008DB8E5 /* MenuMonyaTests.swift */,
			);
			path = MenuMonyaTests;
			sourceTree = "<group>";
		};
		604D5FDB29F27750008DB8E5 /* MenuMonyaUITests */ = {
			isa = PBXGroup;
			children = (
				604D5FDC29F27750008DB8E5 /* MenuMonyaUITests.swift */,
				604D5FDE29F27750008DB8E5 /* MenuMonyaUITestsLaunchTests.swift */,
			);
			path = MenuMonyaUITests;
			sourceTree = "<group>";
		};
		604D5FED29F2777B008DB8E5 /* Views */ = {
			isa = PBXGroup;
			children = (
				6099867F29F3994D000B8D25 /* Components */,
				60BD116F29F29C1300000FCB /* MapView */,
				604D5FF029F277A8008DB8E5 /* MainView */,
				609DB7C329FC0659002D2B6B /* Alerts */,
				603BE2D62A0274CB005B2018 /* LoadingView */,
			);
			path = Views;
			sourceTree = "<group>";
		};
		604D5FEE29F27786008DB8E5 /* Resources */ = {
			isa = PBXGroup;
			children = (
				60506F3529F7A2210044531A /* Colors */,
				604D601D29F27EF3008DB8E5 /* Assets */,
				604D601C29F27EE4008DB8E5 /* Fonts */,
			);
			path = Resources;
			sourceTree = "<group>";
		};
		604D5FEF29F2779D008DB8E5 /* App */ = {
			isa = PBXGroup;
			children = (
				604D5FC129F2774F008DB8E5 /* MenuMonyaApp.swift */,
			);
			path = App;
			sourceTree = "<group>";
		};
		604D5FF029F277A8008DB8E5 /* MainView */ = {
			isa = PBXGroup;
			children = (
				604D5FEB29F27769008DB8E5 /* MainView.swift */,
			);
			path = MainView;
			sourceTree = "<group>";
		};
		604D5FF229F27D1F008DB8E5 /* Pretendard */ = {
			isa = PBXGroup;
			children = (
				604D5FF329F27D1F008DB8E5 /* Pretendard-Medium.ttf */,
				604D5FF429F27D1F008DB8E5 /* Pretendard-Black.ttf */,
				604D5FF529F27D1F008DB8E5 /* Pretendard-Regular.ttf */,
				604D5FF629F27D1F008DB8E5 /* Pretendard-Thin.ttf */,
				604D5FF729F27D1F008DB8E5 /* Pretendard-ExtraLight.ttf */,
				604D5FF829F27D1F008DB8E5 /* Pretendard-SemiBold.ttf */,
				604D5FF929F27D1F008DB8E5 /* Pretendard-ExtraBold.ttf */,
				604D5FFA29F27D1F008DB8E5 /* Pretendard-Bold.ttf */,
				604D5FFB29F27D1F008DB8E5 /* Pretendard-Light.ttf */,
			);
			path = Pretendard;
			sourceTree = "<group>";
		};
		604D601C29F27EE4008DB8E5 /* Fonts */ = {
			isa = PBXGroup;
			children = (
				604D601729F27D2C008DB8E5 /* FontManager.swift */,
				604D5FF229F27D1F008DB8E5 /* Pretendard */,
			);
			path = Fonts;
			sourceTree = "<group>";
		};
		604D601D29F27EF3008DB8E5 /* Assets */ = {
			isa = PBXGroup;
			children = (
				604D5FC529F27750008DB8E5 /* Assets.xcassets */,
			);
			path = Assets;
			sourceTree = "<group>";
		};
		60506F3529F7A2210044531A /* Colors */ = {
			isa = PBXGroup;
			children = (
				60506F3629F7A22D0044531A /* UIColor+Extensions.swift */,
			);
			path = Colors;
			sourceTree = "<group>";
		};
		6099867F29F3994D000B8D25 /* Components */ = {
			isa = PBXGroup;
			children = (
				603BE2D12A027137005B2018 /* LoadingImage */,
				6028F7A729F76E7F00745F4A /* Divider */,
				6028F7A629F76E7400745F4A /* Card */,
				609DB7C829FC219B002D2B6B /* LocationPermissionAlert */,
				609DB7C029FC03B9002D2B6B /* MenuAlert */,
			);
			path = Components;
			sourceTree = "<group>";
		};
		609DB7C029FC03B9002D2B6B /* MenuAlert */ = {
			isa = PBXGroup;
			children = (
				609DB7C129FC03D1002D2B6B /* MenuAlertCard.swift */,
			);
			path = MenuAlert;
			sourceTree = "<group>";
		};
		609DB7C329FC0659002D2B6B /* Alerts */ = {
			isa = PBXGroup;
			children = (
				609DB7C429FC067C002D2B6B /* MenuDetailAlert.swift */,
				609DB7C629FC213D002D2B6B /* LocationPermissionAlert.swift */,
			);
			path = Alerts;
			sourceTree = "<group>";
		};
		609DB7C829FC219B002D2B6B /* LocationPermissionAlert */ = {
			isa = PBXGroup;
			children = (
				609DB7C929FC21D1002D2B6B /* LocationPermissionAlertCard.swift */,
			);
			path = LocationPermissionAlert;
			sourceTree = "<group>";
		};
		60BD116E29F29BA600000FCB /* Recovered References */ = {
			isa = PBXGroup;
			children = (
			);
			name = "Recovered References";
			sourceTree = "<group>";
		};
		60BD116F29F29C1300000FCB /* MapView */ = {
			isa = PBXGroup;
			children = (
				60BD117029F29C2800000FCB /* MapView.swift */,
			);
			path = MapView;
			sourceTree = "<group>";
		};
		9DE4A5733318501E4BC6F45B /* Frameworks */ = {
			isa = PBXGroup;
			children = (
				45209D3D2B1A626EF21D37CA /* Pods_MenuMonya.framework */,
				14E58255BB0CC56288C4A3BC /* Pods_MenuMonya_MenuMonyaUITests.framework */,
				0C8A4123C0CBCC74F4A70877 /* Pods_MenuMonyaTests.framework */,
			);
			name = Frameworks;
			sourceTree = "<group>";
		};
		CFD70D8EA392D02541E9EBE7 /* Pods */ = {
			isa = PBXGroup;
			children = (
				944B89B94EAAD9B5EC0D01DC /* Pods-MenuMonya.debug.xcconfig */,
				23F66DBB3578D5515371ADEE /* Pods-MenuMonya.release.xcconfig */,
				B10670EC6025257250FD1E7A /* Pods-MenuMonya-MenuMonyaUITests.debug.xcconfig */,
				DAB90F5B967317E8886EA8AB /* Pods-MenuMonya-MenuMonyaUITests.release.xcconfig */,
				43A9F7EDCE9FE98D4ED35682 /* Pods-MenuMonyaTests.debug.xcconfig */,
				D84958580EED34D7D29B395B /* Pods-MenuMonyaTests.release.xcconfig */,
			);
			path = Pods;
			sourceTree = "<group>";
		};
/* End PBXGroup section */

/* Begin PBXNativeTarget section */
		604D5FBD29F2774F008DB8E5 /* MenuMonya */ = {
			isa = PBXNativeTarget;
			buildConfigurationList = 604D5FE229F27750008DB8E5 /* Build configuration list for PBXNativeTarget "MenuMonya" */;
			buildPhases = (
				352799AFB96886193A76D298 /* [CP] Check Pods Manifest.lock */,
				604D5FBA29F2774F008DB8E5 /* Sources */,
				604D5FBB29F2774F008DB8E5 /* Frameworks */,
				604D5FBC29F2774F008DB8E5 /* Resources */,
				FD6D23469B10322407B58609 /* [CP] Embed Pods Frameworks */,
				60389AF129F2D4E700877215 /* Run Script */,
			);
			buildRules = (
			);
			dependencies = (
			);
			name = MenuMonya;
			productName = MenuMonya;
			productReference = 604D5FBE29F2774F008DB8E5 /* MenuMonya.app */;
			productType = "com.apple.product-type.application";
		};
		604D5FCD29F27750008DB8E5 /* MenuMonyaTests */ = {
			isa = PBXNativeTarget;
			buildConfigurationList = 604D5FE529F27750008DB8E5 /* Build configuration list for PBXNativeTarget "MenuMonyaTests" */;
			buildPhases = (
				AAAD05241431AD89C5A091B1 /* [CP] Check Pods Manifest.lock */,
				604D5FCA29F27750008DB8E5 /* Sources */,
				604D5FCB29F27750008DB8E5 /* Frameworks */,
				604D5FCC29F27750008DB8E5 /* Resources */,
			);
			buildRules = (
			);
			dependencies = (
				604D5FD029F27750008DB8E5 /* PBXTargetDependency */,
			);
			name = MenuMonyaTests;
			productName = MenuMonyaTests;
			productReference = 604D5FCE29F27750008DB8E5 /* MenuMonyaTests.xctest */;
			productType = "com.apple.product-type.bundle.unit-test";
		};
		604D5FD729F27750008DB8E5 /* MenuMonyaUITests */ = {
			isa = PBXNativeTarget;
			buildConfigurationList = 604D5FE829F27750008DB8E5 /* Build configuration list for PBXNativeTarget "MenuMonyaUITests" */;
			buildPhases = (
				A53C78F623B1F301367A984F /* [CP] Check Pods Manifest.lock */,
				604D5FD429F27750008DB8E5 /* Sources */,
				604D5FD529F27750008DB8E5 /* Frameworks */,
				604D5FD629F27750008DB8E5 /* Resources */,
				74DF140F3E53E687D706FABE /* [CP] Embed Pods Frameworks */,
			);
			buildRules = (
			);
			dependencies = (
				604D5FDA29F27750008DB8E5 /* PBXTargetDependency */,
			);
			name = MenuMonyaUITests;
			productName = MenuMonyaUITests;
			productReference = 604D5FD829F27750008DB8E5 /* MenuMonyaUITests.xctest */;
			productType = "com.apple.product-type.bundle.ui-testing";
		};
/* End PBXNativeTarget section */

/* Begin PBXProject section */
		604D5FB629F2774F008DB8E5 /* Project object */ = {
			isa = PBXProject;
			attributes = {
				BuildIndependentTargetsInParallel = 1;
				LastSwiftUpdateCheck = 1430;
				LastUpgradeCheck = 1430;
				TargetAttributes = {
					604D5FBD29F2774F008DB8E5 = {
						CreatedOnToolsVersion = 14.3;
					};
					604D5FCD29F27750008DB8E5 = {
						CreatedOnToolsVersion = 14.3;
						TestTargetID = 604D5FBD29F2774F008DB8E5;
					};
					604D5FD729F27750008DB8E5 = {
						CreatedOnToolsVersion = 14.3;
						TestTargetID = 604D5FBD29F2774F008DB8E5;
					};
				};
			};
			buildConfigurationList = 604D5FB929F2774F008DB8E5 /* Build configuration list for PBXProject "MenuMonya" */;
			compatibilityVersion = "Xcode 14.0";
			developmentRegion = en;
			hasScannedForEncodings = 0;
			knownRegions = (
				en,
				Base,
			);
			mainGroup = 604D5FB529F2774F008DB8E5;
			productRefGroup = 604D5FBF29F2774F008DB8E5 /* Products */;
			projectDirPath = "";
			projectRoot = "";
			targets = (
				604D5FBD29F2774F008DB8E5 /* MenuMonya */,
				604D5FCD29F27750008DB8E5 /* MenuMonyaTests */,
				604D5FD729F27750008DB8E5 /* MenuMonyaUITests */,
			);
		};
/* End PBXProject section */

/* Begin PBXResourcesBuildPhase section */
		604D5FBC29F2774F008DB8E5 /* Resources */ = {
			isa = PBXResourcesBuildPhase;
			buildActionMask = 2147483647;
			files = (
				604D601429F27D20008DB8E5 /* Pretendard-Light.ttf in Resources */,
				604D600E29F27D20008DB8E5 /* Pretendard-ExtraBold.ttf in Resources */,
				604D600B29F27D20008DB8E5 /* Pretendard-SemiBold.ttf in Resources */,
				604D600529F27D20008DB8E5 /* Pretendard-Thin.ttf in Resources */,
				604D5FC929F27750008DB8E5 /* Preview Assets.xcassets in Resources */,
				60389AEB29F2C49B00877215 /* GoogleService-Info.plist in Resources */,
				604D5FC629F27750008DB8E5 /* Assets.xcassets in Resources */,
				604D600229F27D20008DB8E5 /* Pretendard-Regular.ttf in Resources */,
				604D601129F27D20008DB8E5 /* Pretendard-Bold.ttf in Resources */,
				604D600829F27D20008DB8E5 /* Pretendard-ExtraLight.ttf in Resources */,
				603BE2D52A0272FE005B2018 /* Loading.json in Resources */,
				604D5FFC29F27D20008DB8E5 /* Pretendard-Medium.ttf in Resources */,
				604D5FFF29F27D20008DB8E5 /* Pretendard-Black.ttf in Resources */,
			);
			runOnlyForDeploymentPostprocessing = 0;
		};
		604D5FCC29F27750008DB8E5 /* Resources */ = {
			isa = PBXResourcesBuildPhase;
			buildActionMask = 2147483647;
			files = (
				604D600F29F27D20008DB8E5 /* Pretendard-ExtraBold.ttf in Resources */,
				604D600C29F27D20008DB8E5 /* Pretendard-SemiBold.ttf in Resources */,
				604D600629F27D20008DB8E5 /* Pretendard-Thin.ttf in Resources */,
				604D601529F27D20008DB8E5 /* Pretendard-Light.ttf in Resources */,
				604D5FFD29F27D20008DB8E5 /* Pretendard-Medium.ttf in Resources */,
				604D600929F27D20008DB8E5 /* Pretendard-ExtraLight.ttf in Resources */,
				604D600029F27D20008DB8E5 /* Pretendard-Black.ttf in Resources */,
				60389AEC29F2C49B00877215 /* GoogleService-Info.plist in Resources */,
				604D601229F27D20008DB8E5 /* Pretendard-Bold.ttf in Resources */,
				604D600329F27D20008DB8E5 /* Pretendard-Regular.ttf in Resources */,
			);
			runOnlyForDeploymentPostprocessing = 0;
		};
		604D5FD629F27750008DB8E5 /* Resources */ = {
			isa = PBXResourcesBuildPhase;
			buildActionMask = 2147483647;
			files = (
				604D601029F27D20008DB8E5 /* Pretendard-ExtraBold.ttf in Resources */,
				604D600D29F27D20008DB8E5 /* Pretendard-SemiBold.ttf in Resources */,
				604D600729F27D20008DB8E5 /* Pretendard-Thin.ttf in Resources */,
				604D601629F27D20008DB8E5 /* Pretendard-Light.ttf in Resources */,
				604D5FFE29F27D20008DB8E5 /* Pretendard-Medium.ttf in Resources */,
				604D600A29F27D20008DB8E5 /* Pretendard-ExtraLight.ttf in Resources */,
				604D600129F27D20008DB8E5 /* Pretendard-Black.ttf in Resources */,
				60389AED29F2C49B00877215 /* GoogleService-Info.plist in Resources */,
				604D601329F27D20008DB8E5 /* Pretendard-Bold.ttf in Resources */,
				604D600429F27D20008DB8E5 /* Pretendard-Regular.ttf in Resources */,
			);
			runOnlyForDeploymentPostprocessing = 0;
		};
/* End PBXResourcesBuildPhase section */

/* Begin PBXShellScriptBuildPhase section */
		352799AFB96886193A76D298 /* [CP] Check Pods Manifest.lock */ = {
			isa = PBXShellScriptBuildPhase;
			buildActionMask = 2147483647;
			files = (
			);
			inputFileListPaths = (
			);
			inputPaths = (
				"${PODS_PODFILE_DIR_PATH}/Podfile.lock",
				"${PODS_ROOT}/Manifest.lock",
			);
			name = "[CP] Check Pods Manifest.lock";
			outputFileListPaths = (
			);
			outputPaths = (
				"$(DERIVED_FILE_DIR)/Pods-MenuMonya-checkManifestLockResult.txt",
			);
			runOnlyForDeploymentPostprocessing = 0;
			shellPath = /bin/sh;
			shellScript = "diff \"${PODS_PODFILE_DIR_PATH}/Podfile.lock\" \"${PODS_ROOT}/Manifest.lock\" > /dev/null\nif [ $? != 0 ] ; then\n    # print error to STDERR\n    echo \"error: The sandbox is not in sync with the Podfile.lock. Run 'pod install' or update your CocoaPods installation.\" >&2\n    exit 1\nfi\n# This output is used by Xcode 'outputs' to avoid re-running this script phase.\necho \"SUCCESS\" > \"${SCRIPT_OUTPUT_FILE_0}\"\n";
			showEnvVarsInLog = 0;
		};
		60389AF129F2D4E700877215 /* Run Script */ = {
			isa = PBXShellScriptBuildPhase;
			buildActionMask = 8;
			files = (
			);
			inputFileListPaths = (
			);
			inputPaths = (
				"${DWARF_DSYM_FOLDER_PATH}/${DWARF_DSYM_FILE_NAME}/Contents/Resources/DWARF/${TARGET_NAME}",
				"$(SRCROOT)/$(BUILT_PRODUCTS_DIR)/$(INFOPLIST_PATH)",
			);
			name = "Run Script";
			outputFileListPaths = (
			);
			outputPaths = (
			);
			runOnlyForDeploymentPostprocessing = 1;
			shellPath = /bin/sh;
			shellScript = "# Type a script or drag a script file from your workspace to insert its path.\n\"${PODS_ROOT}/FirebaseCrashlytics/run\"\n";
		};
		74DF140F3E53E687D706FABE /* [CP] Embed Pods Frameworks */ = {
			isa = PBXShellScriptBuildPhase;
			buildActionMask = 2147483647;
			files = (
			);
			inputFileListPaths = (
				"${PODS_ROOT}/Target Support Files/Pods-MenuMonya-MenuMonyaUITests/Pods-MenuMonya-MenuMonyaUITests-frameworks-${CONFIGURATION}-input-files.xcfilelist",
			);
			name = "[CP] Embed Pods Frameworks";
			outputFileListPaths = (
				"${PODS_ROOT}/Target Support Files/Pods-MenuMonya-MenuMonyaUITests/Pods-MenuMonya-MenuMonyaUITests-frameworks-${CONFIGURATION}-output-files.xcfilelist",
			);
			runOnlyForDeploymentPostprocessing = 0;
			shellPath = /bin/sh;
			shellScript = "\"${PODS_ROOT}/Target Support Files/Pods-MenuMonya-MenuMonyaUITests/Pods-MenuMonya-MenuMonyaUITests-frameworks.sh\"\n";
			showEnvVarsInLog = 0;
		};
		A53C78F623B1F301367A984F /* [CP] Check Pods Manifest.lock */ = {
			isa = PBXShellScriptBuildPhase;
			buildActionMask = 2147483647;
			files = (
			);
			inputFileListPaths = (
			);
			inputPaths = (
				"${PODS_PODFILE_DIR_PATH}/Podfile.lock",
				"${PODS_ROOT}/Manifest.lock",
			);
			name = "[CP] Check Pods Manifest.lock";
			outputFileListPaths = (
			);
			outputPaths = (
				"$(DERIVED_FILE_DIR)/Pods-MenuMonya-MenuMonyaUITests-checkManifestLockResult.txt",
			);
			runOnlyForDeploymentPostprocessing = 0;
			shellPath = /bin/sh;
			shellScript = "diff \"${PODS_PODFILE_DIR_PATH}/Podfile.lock\" \"${PODS_ROOT}/Manifest.lock\" > /dev/null\nif [ $? != 0 ] ; then\n    # print error to STDERR\n    echo \"error: The sandbox is not in sync with the Podfile.lock. Run 'pod install' or update your CocoaPods installation.\" >&2\n    exit 1\nfi\n# This output is used by Xcode 'outputs' to avoid re-running this script phase.\necho \"SUCCESS\" > \"${SCRIPT_OUTPUT_FILE_0}\"\n";
			showEnvVarsInLog = 0;
		};
		AAAD05241431AD89C5A091B1 /* [CP] Check Pods Manifest.lock */ = {
			isa = PBXShellScriptBuildPhase;
			buildActionMask = 2147483647;
			files = (
			);
			inputFileListPaths = (
			);
			inputPaths = (
				"${PODS_PODFILE_DIR_PATH}/Podfile.lock",
				"${PODS_ROOT}/Manifest.lock",
			);
			name = "[CP] Check Pods Manifest.lock";
			outputFileListPaths = (
			);
			outputPaths = (
				"$(DERIVED_FILE_DIR)/Pods-MenuMonyaTests-checkManifestLockResult.txt",
			);
			runOnlyForDeploymentPostprocessing = 0;
			shellPath = /bin/sh;
			shellScript = "diff \"${PODS_PODFILE_DIR_PATH}/Podfile.lock\" \"${PODS_ROOT}/Manifest.lock\" > /dev/null\nif [ $? != 0 ] ; then\n    # print error to STDERR\n    echo \"error: The sandbox is not in sync with the Podfile.lock. Run 'pod install' or update your CocoaPods installation.\" >&2\n    exit 1\nfi\n# This output is used by Xcode 'outputs' to avoid re-running this script phase.\necho \"SUCCESS\" > \"${SCRIPT_OUTPUT_FILE_0}\"\n";
			showEnvVarsInLog = 0;
		};
		FD6D23469B10322407B58609 /* [CP] Embed Pods Frameworks */ = {
			isa = PBXShellScriptBuildPhase;
			buildActionMask = 2147483647;
			files = (
			);
			inputFileListPaths = (
				"${PODS_ROOT}/Target Support Files/Pods-MenuMonya/Pods-MenuMonya-frameworks-${CONFIGURATION}-input-files.xcfilelist",
			);
			name = "[CP] Embed Pods Frameworks";
			outputFileListPaths = (
				"${PODS_ROOT}/Target Support Files/Pods-MenuMonya/Pods-MenuMonya-frameworks-${CONFIGURATION}-output-files.xcfilelist",
			);
			runOnlyForDeploymentPostprocessing = 0;
			shellPath = /bin/sh;
			shellScript = "\"${PODS_ROOT}/Target Support Files/Pods-MenuMonya/Pods-MenuMonya-frameworks.sh\"\n";
			showEnvVarsInLog = 0;
		};
/* End PBXShellScriptBuildPhase section */

/* Begin PBXSourcesBuildPhase section */
		604D5FBA29F2774F008DB8E5 /* Sources */ = {
			isa = PBXSourcesBuildPhase;
			buildActionMask = 2147483647;
			files = (
				60389AF429F2F2EA00877215 /* FirestoreManager.swift in Sources */,
				6099868129F39969000B8D25 /* CardView.swift in Sources */,
				609DB7CC29FCEBEB002D2B6B /* Card.swift in Sources */,
				609DB7C529FC067C002D2B6B /* MenuDetailAlert.swift in Sources */,
				60F6160629F82CE600253137 /* SnapCarouselHelper.swift in Sources */,
				603BE2D82A0274ED005B2018 /* LoadingView.swift in Sources */,
				604D5FEC29F27769008DB8E5 /* MainView.swift in Sources */,
				60067EC829F3835A0037DACE /* Menu.swift in Sources */,
				6099868329F39D98000B8D25 /* CustomDivider.swift in Sources */,
				60BD117129F29C2800000FCB /* MapView.swift in Sources */,
				603BE2D32A02714A005B2018 /* LoadingImage.swift in Sources */,
				609DB7C229FC03D1002D2B6B /* MenuAlertCard.swift in Sources */,
				60506F3729F7A22D0044531A /* UIColor+Extensions.swift in Sources */,
				609DB7C729FC213D002D2B6B /* LocationPermissionAlert.swift in Sources */,
				604D601829F27D2C008DB8E5 /* FontManager.swift in Sources */,
				60389AF729F303BA00877215 /* Restaurant.swift in Sources */,
				604D5FC229F2774F008DB8E5 /* MenuMonyaApp.swift in Sources */,
				609DB7CA29FC21D1002D2B6B /* LocationPermissionAlertCard.swift in Sources */,
				6099867E29F38CFE000B8D25 /* MainViewModel.swift in Sources */,
				6028F7AC29F7778000745F4A /* Constants.swift in Sources */,
				60506F3429F797A40044531A /* LocationManager.swift in Sources */,
			);
			runOnlyForDeploymentPostprocessing = 0;
		};
		604D5FCA29F27750008DB8E5 /* Sources */ = {
			isa = PBXSourcesBuildPhase;
			buildActionMask = 2147483647;
			files = (
				604D601929F27D2C008DB8E5 /* FontManager.swift in Sources */,
				604D5FD329F27750008DB8E5 /* MenuMonyaTests.swift in Sources */,
			);
			runOnlyForDeploymentPostprocessing = 0;
		};
		604D5FD429F27750008DB8E5 /* Sources */ = {
			isa = PBXSourcesBuildPhase;
			buildActionMask = 2147483647;
			files = (
				604D5FDF29F27750008DB8E5 /* MenuMonyaUITestsLaunchTests.swift in Sources */,
				604D601A29F27D2C008DB8E5 /* FontManager.swift in Sources */,
				604D5FDD29F27750008DB8E5 /* MenuMonyaUITests.swift in Sources */,
			);
			runOnlyForDeploymentPostprocessing = 0;
		};
/* End PBXSourcesBuildPhase section */

/* Begin PBXTargetDependency section */
		604D5FD029F27750008DB8E5 /* PBXTargetDependency */ = {
			isa = PBXTargetDependency;
			target = 604D5FBD29F2774F008DB8E5 /* MenuMonya */;
			targetProxy = 604D5FCF29F27750008DB8E5 /* PBXContainerItemProxy */;
		};
		604D5FDA29F27750008DB8E5 /* PBXTargetDependency */ = {
			isa = PBXTargetDependency;
			target = 604D5FBD29F2774F008DB8E5 /* MenuMonya */;
			targetProxy = 604D5FD929F27750008DB8E5 /* PBXContainerItemProxy */;
		};
/* End PBXTargetDependency section */

/* Begin XCBuildConfiguration section */
		604D5FE029F27750008DB8E5 /* Debug */ = {
			isa = XCBuildConfiguration;
			buildSettings = {
				ALWAYS_SEARCH_USER_PATHS = NO;
				CLANG_ANALYZER_NONNULL = YES;
				CLANG_ANALYZER_NUMBER_OBJECT_CONVERSION = YES_AGGRESSIVE;
				CLANG_CXX_LANGUAGE_STANDARD = "gnu++20";
				CLANG_ENABLE_MODULES = YES;
				CLANG_ENABLE_OBJC_ARC = YES;
				CLANG_ENABLE_OBJC_WEAK = YES;
				CLANG_WARN_BLOCK_CAPTURE_AUTORELEASING = YES;
				CLANG_WARN_BOOL_CONVERSION = YES;
				CLANG_WARN_COMMA = YES;
				CLANG_WARN_CONSTANT_CONVERSION = YES;
				CLANG_WARN_DEPRECATED_OBJC_IMPLEMENTATIONS = YES;
				CLANG_WARN_DIRECT_OBJC_ISA_USAGE = YES_ERROR;
				CLANG_WARN_DOCUMENTATION_COMMENTS = YES;
				CLANG_WARN_EMPTY_BODY = YES;
				CLANG_WARN_ENUM_CONVERSION = YES;
				CLANG_WARN_INFINITE_RECURSION = YES;
				CLANG_WARN_INT_CONVERSION = YES;
				CLANG_WARN_NON_LITERAL_NULL_CONVERSION = YES;
				CLANG_WARN_OBJC_IMPLICIT_RETAIN_SELF = YES;
				CLANG_WARN_OBJC_LITERAL_CONVERSION = YES;
				CLANG_WARN_OBJC_ROOT_CLASS = YES_ERROR;
				CLANG_WARN_QUOTED_INCLUDE_IN_FRAMEWORK_HEADER = YES;
				CLANG_WARN_RANGE_LOOP_ANALYSIS = YES;
				CLANG_WARN_STRICT_PROTOTYPES = YES;
				CLANG_WARN_SUSPICIOUS_MOVE = YES;
				CLANG_WARN_UNGUARDED_AVAILABILITY = YES_AGGRESSIVE;
				CLANG_WARN_UNREACHABLE_CODE = YES;
				CLANG_WARN__DUPLICATE_METHOD_MATCH = YES;
				COPY_PHASE_STRIP = NO;
				DEBUG_INFORMATION_FORMAT = "dwarf-with-dsym";
				ENABLE_STRICT_OBJC_MSGSEND = YES;
				ENABLE_TESTABILITY = YES;
				GCC_C_LANGUAGE_STANDARD = gnu11;
				GCC_DYNAMIC_NO_PIC = NO;
				GCC_NO_COMMON_BLOCKS = YES;
				GCC_OPTIMIZATION_LEVEL = 0;
				GCC_PREPROCESSOR_DEFINITIONS = (
					"DEBUG=1",
					"$(inherited)",
				);
				GCC_WARN_64_TO_32_BIT_CONVERSION = YES;
				GCC_WARN_ABOUT_RETURN_TYPE = YES_ERROR;
				GCC_WARN_UNDECLARED_SELECTOR = YES;
				GCC_WARN_UNINITIALIZED_AUTOS = YES_AGGRESSIVE;
				GCC_WARN_UNUSED_FUNCTION = YES;
				GCC_WARN_UNUSED_VARIABLE = YES;
				IPHONEOS_DEPLOYMENT_TARGET = 15.0;
				MTL_ENABLE_DEBUG_INFO = INCLUDE_SOURCE;
				MTL_FAST_MATH = YES;
				ONLY_ACTIVE_ARCH = YES;
				SDKROOT = iphoneos;
				SWIFT_ACTIVE_COMPILATION_CONDITIONS = DEBUG;
				SWIFT_OPTIMIZATION_LEVEL = "-Onone";
			};
			name = Debug;
		};
		604D5FE129F27750008DB8E5 /* Release */ = {
			isa = XCBuildConfiguration;
			buildSettings = {
				ALWAYS_SEARCH_USER_PATHS = NO;
				CLANG_ANALYZER_NONNULL = YES;
				CLANG_ANALYZER_NUMBER_OBJECT_CONVERSION = YES_AGGRESSIVE;
				CLANG_CXX_LANGUAGE_STANDARD = "gnu++20";
				CLANG_ENABLE_MODULES = YES;
				CLANG_ENABLE_OBJC_ARC = YES;
				CLANG_ENABLE_OBJC_WEAK = YES;
				CLANG_WARN_BLOCK_CAPTURE_AUTORELEASING = YES;
				CLANG_WARN_BOOL_CONVERSION = YES;
				CLANG_WARN_COMMA = YES;
				CLANG_WARN_CONSTANT_CONVERSION = YES;
				CLANG_WARN_DEPRECATED_OBJC_IMPLEMENTATIONS = YES;
				CLANG_WARN_DIRECT_OBJC_ISA_USAGE = YES_ERROR;
				CLANG_WARN_DOCUMENTATION_COMMENTS = YES;
				CLANG_WARN_EMPTY_BODY = YES;
				CLANG_WARN_ENUM_CONVERSION = YES;
				CLANG_WARN_INFINITE_RECURSION = YES;
				CLANG_WARN_INT_CONVERSION = YES;
				CLANG_WARN_NON_LITERAL_NULL_CONVERSION = YES;
				CLANG_WARN_OBJC_IMPLICIT_RETAIN_SELF = YES;
				CLANG_WARN_OBJC_LITERAL_CONVERSION = YES;
				CLANG_WARN_OBJC_ROOT_CLASS = YES_ERROR;
				CLANG_WARN_QUOTED_INCLUDE_IN_FRAMEWORK_HEADER = YES;
				CLANG_WARN_RANGE_LOOP_ANALYSIS = YES;
				CLANG_WARN_STRICT_PROTOTYPES = YES;
				CLANG_WARN_SUSPICIOUS_MOVE = YES;
				CLANG_WARN_UNGUARDED_AVAILABILITY = YES_AGGRESSIVE;
				CLANG_WARN_UNREACHABLE_CODE = YES;
				CLANG_WARN__DUPLICATE_METHOD_MATCH = YES;
				COPY_PHASE_STRIP = NO;
				DEBUG_INFORMATION_FORMAT = "dwarf-with-dsym";
				ENABLE_NS_ASSERTIONS = NO;
				ENABLE_STRICT_OBJC_MSGSEND = YES;
				GCC_C_LANGUAGE_STANDARD = gnu11;
				GCC_NO_COMMON_BLOCKS = YES;
				GCC_WARN_64_TO_32_BIT_CONVERSION = YES;
				GCC_WARN_ABOUT_RETURN_TYPE = YES_ERROR;
				GCC_WARN_UNDECLARED_SELECTOR = YES;
				GCC_WARN_UNINITIALIZED_AUTOS = YES_AGGRESSIVE;
				GCC_WARN_UNUSED_FUNCTION = YES;
				GCC_WARN_UNUSED_VARIABLE = YES;
				IPHONEOS_DEPLOYMENT_TARGET = 15.0;
				MTL_ENABLE_DEBUG_INFO = NO;
				MTL_FAST_MATH = YES;
				SDKROOT = iphoneos;
				SWIFT_COMPILATION_MODE = wholemodule;
				SWIFT_OPTIMIZATION_LEVEL = "-O";
				VALIDATE_PRODUCT = YES;
			};
			name = Release;
		};
		604D5FE329F27750008DB8E5 /* Debug */ = {
			isa = XCBuildConfiguration;
			baseConfigurationReference = 944B89B94EAAD9B5EC0D01DC /* Pods-MenuMonya.debug.xcconfig */;
			buildSettings = {
				ASSETCATALOG_COMPILER_APPICON_NAME = AppIcon;
				ASSETCATALOG_COMPILER_GLOBAL_ACCENT_COLOR_NAME = AccentColor;
				CODE_SIGN_STYLE = Automatic;
				CURRENT_PROJECT_VERSION = 1.2;
				DEBUG_INFORMATION_FORMAT = "dwarf-with-dsym";
				DEVELOPMENT_ASSET_PATHS = "\"MenuMonya/Preview Content\"";
				DEVELOPMENT_TEAM = MV89SHQKF4;
				ENABLE_PREVIEWS = YES;
				GENERATE_INFOPLIST_FILE = YES;
				INFOPLIST_FILE = MenuMonya/Info.plist;
				INFOPLIST_KEY_CFBundleDisplayName = "메뉴머냐";
				INFOPLIST_KEY_LSApplicationCategoryType = "public.app-category.food-and-drink";
				INFOPLIST_KEY_NSLocationAlwaysAndWhenInUseUsageDescription = "내 주변 한식뷔페를 찾기 위해 위치정보 제공에 동의해 주세요!";
				INFOPLIST_KEY_NSLocationWhenInUseUsageDescription = "내 주변 한식뷔페를 찾기 위해 위치정보 제공에 동의해 주세요!";
				INFOPLIST_KEY_UIApplicationSceneManifest_Generation = YES;
				INFOPLIST_KEY_UIApplicationSupportsIndirectInputEvents = YES;
				INFOPLIST_KEY_UILaunchScreen_Generation = YES;
				INFOPLIST_KEY_UISupportedInterfaceOrientations = UIInterfaceOrientationPortrait;
				INFOPLIST_KEY_UISupportedInterfaceOrientations_iPad = "UIInterfaceOrientationLandscapeLeft UIInterfaceOrientationLandscapeRight UIInterfaceOrientationPortrait UIInterfaceOrientationPortraitUpsideDown";
				IPHONEOS_DEPLOYMENT_TARGET = 15.0;
				LD_RUNPATH_SEARCH_PATHS = (
					"$(inherited)",
					"@executable_path/Frameworks",
				);
				MARKETING_VERSION = 1.0;
				PRODUCT_BUNDLE_IDENTIFIER = com.ericyong.menumonya;
				PRODUCT_NAME = "$(TARGET_NAME)";
				SUPPORTED_PLATFORMS = "iphoneos iphonesimulator";
				SUPPORTS_MACCATALYST = NO;
				SUPPORTS_MAC_DESIGNED_FOR_IPHONE_IPAD = NO;
				SWIFT_EMIT_LOC_STRINGS = YES;
				SWIFT_VERSION = 5.0;
				TARGETED_DEVICE_FAMILY = 1;
			};
			name = Debug;
		};
		604D5FE429F27750008DB8E5 /* Release */ = {
			isa = XCBuildConfiguration;
			baseConfigurationReference = 23F66DBB3578D5515371ADEE /* Pods-MenuMonya.release.xcconfig */;
			buildSettings = {
				ASSETCATALOG_COMPILER_APPICON_NAME = AppIcon;
				ASSETCATALOG_COMPILER_GLOBAL_ACCENT_COLOR_NAME = AccentColor;
				CODE_SIGN_STYLE = Automatic;
				CURRENT_PROJECT_VERSION = 1.2;
				DEBUG_INFORMATION_FORMAT = "dwarf-with-dsym";
				DEVELOPMENT_ASSET_PATHS = "\"MenuMonya/Preview Content\"";
				DEVELOPMENT_TEAM = MV89SHQKF4;
				ENABLE_PREVIEWS = YES;
				GENERATE_INFOPLIST_FILE = YES;
				INFOPLIST_FILE = MenuMonya/Info.plist;
				INFOPLIST_KEY_CFBundleDisplayName = "메뉴머냐";
				INFOPLIST_KEY_LSApplicationCategoryType = "public.app-category.food-and-drink";
				INFOPLIST_KEY_NSLocationAlwaysAndWhenInUseUsageDescription = "내 주변 한식뷔페를 찾기 위해 위치정보 제공에 동의해 주세요!";
				INFOPLIST_KEY_NSLocationWhenInUseUsageDescription = "내 주변 한식뷔페를 찾기 위해 위치정보 제공에 동의해 주세요!";
				INFOPLIST_KEY_UIApplicationSceneManifest_Generation = YES;
				INFOPLIST_KEY_UIApplicationSupportsIndirectInputEvents = YES;
				INFOPLIST_KEY_UILaunchScreen_Generation = YES;
				INFOPLIST_KEY_UISupportedInterfaceOrientations = UIInterfaceOrientationPortrait;
				INFOPLIST_KEY_UISupportedInterfaceOrientations_iPad = "UIInterfaceOrientationLandscapeLeft UIInterfaceOrientationLandscapeRight UIInterfaceOrientationPortrait UIInterfaceOrientationPortraitUpsideDown";
				IPHONEOS_DEPLOYMENT_TARGET = 15.0;
				LD_RUNPATH_SEARCH_PATHS = (
					"$(inherited)",
					"@executable_path/Frameworks",
				);
				MARKETING_VERSION = 1.0;
				PRODUCT_BUNDLE_IDENTIFIER = com.ericyong.menumonya;
				PRODUCT_NAME = "$(TARGET_NAME)";
				SUPPORTED_PLATFORMS = "iphoneos iphonesimulator";
				SUPPORTS_MACCATALYST = NO;
				SUPPORTS_MAC_DESIGNED_FOR_IPHONE_IPAD = NO;
				SWIFT_EMIT_LOC_STRINGS = YES;
				SWIFT_VERSION = 5.0;
				TARGETED_DEVICE_FAMILY = 1;
			};
			name = Release;
		};
		604D5FE629F27750008DB8E5 /* Debug */ = {
			isa = XCBuildConfiguration;
			baseConfigurationReference = 43A9F7EDCE9FE98D4ED35682 /* Pods-MenuMonyaTests.debug.xcconfig */;
			buildSettings = {
				ALWAYS_EMBED_SWIFT_STANDARD_LIBRARIES = YES;
				BUNDLE_LOADER = "$(TEST_HOST)";
				CODE_SIGN_STYLE = Automatic;
				CURRENT_PROJECT_VERSION = 1;
				DEVELOPMENT_TEAM = MV89SHQKF4;
				GENERATE_INFOPLIST_FILE = YES;
				IPHONEOS_DEPLOYMENT_TARGET = 16.4;
				MARKETING_VERSION = 1.0;
				PRODUCT_BUNDLE_IDENTIFIER = com.ericyong.MenuMonyaTests;
				PRODUCT_NAME = "$(TARGET_NAME)";
				SWIFT_EMIT_LOC_STRINGS = NO;
				SWIFT_VERSION = 5.0;
				TARGETED_DEVICE_FAMILY = "1,2";
				TEST_HOST = "$(BUILT_PRODUCTS_DIR)/MenuMonya.app/$(BUNDLE_EXECUTABLE_FOLDER_PATH)/MenuMonya";
			};
			name = Debug;
		};
		604D5FE729F27750008DB8E5 /* Release */ = {
			isa = XCBuildConfiguration;
			baseConfigurationReference = D84958580EED34D7D29B395B /* Pods-MenuMonyaTests.release.xcconfig */;
			buildSettings = {
				ALWAYS_EMBED_SWIFT_STANDARD_LIBRARIES = YES;
				BUNDLE_LOADER = "$(TEST_HOST)";
				CODE_SIGN_STYLE = Automatic;
				CURRENT_PROJECT_VERSION = 1;
				DEVELOPMENT_TEAM = MV89SHQKF4;
				GENERATE_INFOPLIST_FILE = YES;
				IPHONEOS_DEPLOYMENT_TARGET = 16.4;
				MARKETING_VERSION = 1.0;
				PRODUCT_BUNDLE_IDENTIFIER = com.ericyong.MenuMonyaTests;
				PRODUCT_NAME = "$(TARGET_NAME)";
				SWIFT_EMIT_LOC_STRINGS = NO;
				SWIFT_VERSION = 5.0;
				TARGETED_DEVICE_FAMILY = "1,2";
				TEST_HOST = "$(BUILT_PRODUCTS_DIR)/MenuMonya.app/$(BUNDLE_EXECUTABLE_FOLDER_PATH)/MenuMonya";
			};
			name = Release;
		};
		604D5FE929F27750008DB8E5 /* Debug */ = {
			isa = XCBuildConfiguration;
			baseConfigurationReference = B10670EC6025257250FD1E7A /* Pods-MenuMonya-MenuMonyaUITests.debug.xcconfig */;
			buildSettings = {
				ALWAYS_EMBED_SWIFT_STANDARD_LIBRARIES = YES;
				CODE_SIGN_STYLE = Automatic;
				CURRENT_PROJECT_VERSION = 1;
				DEVELOPMENT_TEAM = MV89SHQKF4;
				GENERATE_INFOPLIST_FILE = YES;
				MARKETING_VERSION = 1.0;
				PRODUCT_BUNDLE_IDENTIFIER = com.ericyong.MenuMonyaUITests;
				PRODUCT_NAME = "$(TARGET_NAME)";
				SWIFT_EMIT_LOC_STRINGS = NO;
				SWIFT_VERSION = 5.0;
				TARGETED_DEVICE_FAMILY = "1,2";
				TEST_TARGET_NAME = MenuMonya;
			};
			name = Debug;
		};
		604D5FEA29F27750008DB8E5 /* Release */ = {
			isa = XCBuildConfiguration;
			baseConfigurationReference = DAB90F5B967317E8886EA8AB /* Pods-MenuMonya-MenuMonyaUITests.release.xcconfig */;
			buildSettings = {
				ALWAYS_EMBED_SWIFT_STANDARD_LIBRARIES = YES;
				CODE_SIGN_STYLE = Automatic;
				CURRENT_PROJECT_VERSION = 1;
				DEVELOPMENT_TEAM = MV89SHQKF4;
				GENERATE_INFOPLIST_FILE = YES;
				MARKETING_VERSION = 1.0;
				PRODUCT_BUNDLE_IDENTIFIER = com.ericyong.MenuMonyaUITests;
				PRODUCT_NAME = "$(TARGET_NAME)";
				SWIFT_EMIT_LOC_STRINGS = NO;
				SWIFT_VERSION = 5.0;
				TARGETED_DEVICE_FAMILY = "1,2";
				TEST_TARGET_NAME = MenuMonya;
			};
			name = Release;
		};
/* End XCBuildConfiguration section */

/* Begin XCConfigurationList section */
		604D5FB929F2774F008DB8E5 /* Build configuration list for PBXProject "MenuMonya" */ = {
			isa = XCConfigurationList;
			buildConfigurations = (
				604D5FE029F27750008DB8E5 /* Debug */,
				604D5FE129F27750008DB8E5 /* Release */,
			);
			defaultConfigurationIsVisible = 0;
			defaultConfigurationName = Release;
		};
		604D5FE229F27750008DB8E5 /* Build configuration list for PBXNativeTarget "MenuMonya" */ = {
			isa = XCConfigurationList;
			buildConfigurations = (
				604D5FE329F27750008DB8E5 /* Debug */,
				604D5FE429F27750008DB8E5 /* Release */,
			);
			defaultConfigurationIsVisible = 0;
			defaultConfigurationName = Release;
		};
		604D5FE529F27750008DB8E5 /* Build configuration list for PBXNativeTarget "MenuMonyaTests" */ = {
			isa = XCConfigurationList;
			buildConfigurations = (
				604D5FE629F27750008DB8E5 /* Debug */,
				604D5FE729F27750008DB8E5 /* Release */,
			);
			defaultConfigurationIsVisible = 0;
			defaultConfigurationName = Release;
		};
		604D5FE829F27750008DB8E5 /* Build configuration list for PBXNativeTarget "MenuMonyaUITests" */ = {
			isa = XCConfigurationList;
			buildConfigurations = (
				604D5FE929F27750008DB8E5 /* Debug */,
				604D5FEA29F27750008DB8E5 /* Release */,
			);
			defaultConfigurationIsVisible = 0;
			defaultConfigurationName = Release;
		};
/* End XCConfigurationList section */
	};
	rootObject = 604D5FB629F2774F008DB8E5 /* Project object */;
}
